
Microsoft Visual Studio Solution File, Format Version 12.00
# Visual Studio 14
VisualStudioVersion = 14.0.25420.1
MinimumVisualStudioVersion = 10.0.40219.1
Project("{2150E333-8FDC-42A3-9474-1A3956D46DE8}") = "FakeContacts", "FakeContacts", "{B520A76A-0AB5-4CEC-85B4-C586FAB0CB09}"
EndProject
Project("{2150E333-8FDC-42A3-9474-1A3956D46DE8}") = "Droid", "Droid", "{2D9D8A1A-A565-425C-9F49-3A622B3A7977}"
EndProject
Project("{2150E333-8FDC-42A3-9474-1A3956D46DE8}") = "MVB", "MVB", "{93B620A1-A2FC-46B5-AB05-79A9E1EC0B2C}"
EndProject
Project("{2150E333-8FDC-42A3-9474-1A3956D46DE8}") = "UWP", "UWP", "{8C450FC1-456A-4568-B66E-E2BAB0A55412}"
EndProject
Project("{2150E333-8FDC-42A3-9474-1A3956D46DE8}") = "iOS", "iOS", "{9B25EB6C-93D6-40F3-A97D-E75178C2EF76}"
EndProject
Project("{2150E333-8FDC-42A3-9474-1A3956D46DE8}") = "Win", "Win", "{7A462405-9699-47EE-8D66-0F78A4726662}"
EndProject
Project("{2150E333-8FDC-42A3-9474-1A3956D46DE8}") = "MacOs", "MacOs", "{F4BB7938-0E4E-4FDC-8244-F1F323D83046}"
EndProject
Project("{FAE04EC0-301F-11D3-BF4B-00C04F79EFBC}") = "Mvb.FakeContacts.Abstract", "Example\Mvb.FakeContacts.Abstract\Mvb.FakeContacts.Abstract.csproj", "{817B4026-9CEC-41C3-B700-A969F724864C}"
EndProject
Project("{FAE04EC0-301F-11D3-BF4B-00C04F79EFBC}") = "Mvb.FakeContacts.Concrete", "Example\Mvb.FakeContacts.Concrete\Mvb.FakeContacts.Concrete.csproj", "{B010240E-A655-486C-A63B-A7180E810AE8}"
EndProject
Project("{FAE04EC0-301F-11D3-BF4B-00C04F79EFBC}") = "Mvb.FakeContacts.ModelBinders", "Example\Mvb.FakeContacts.ModelBinders\Mvb.FakeContacts.ModelBinders.csproj", "{8143FAD9-64B1-4AF3-85F7-EA04C1AA224B}"
EndProject
Project("{FAE04EC0-301F-11D3-BF4B-00C04F79EFBC}") = "Mvb.FakeContacts.Domain", "Example\Mvb.FakeContacts.Domain\Mvb.FakeContacts.Domain.csproj", "{E6B91186-198B-4711-AD16-683D8782B044}"
EndProject
Project("{FAE04EC0-301F-11D3-BF4B-00C04F79EFBC}") = "Mvb.FakeContacts.Droid.App", "Example\Droid\Mvb.FakeContacts.Droid.App\Mvb.FakeContacts.Droid.App.csproj", "{154615C2-66F7-47BB-A304-F84F6D9A082A}"
EndProject
Project("{FAE04EC0-301F-11D3-BF4B-00C04F79EFBC}") = "Mvb.FakeContacts.Droid.Services", "Example\Droid\Mvb.FakeContacts.Droid.Services\Mvb.FakeContacts.Droid.Services.csproj", "{789CE0F7-1EAA-47EA-9071-740CE5D35336}"
EndProject
Project("{FAE04EC0-301F-11D3-BF4B-00C04F79EFBC}") = "Mvb.FakeContacts.iOS.App", "Example\iOS\Mvb.FakeContacts.iOS.App\Mvb.FakeContacts.iOS.App.csproj", "{42DD781F-B727-43A9-9A08-DE7A557DB871}"
EndProject
Project("{FAE04EC0-301F-11D3-BF4B-00C04F79EFBC}") = "Mvb.FakeContacts.iOS.Services", "Example\iOS\Mvb.FakeContacts.iOS.Services\Mvb.FakeContacts.iOS.Services.csproj", "{7DDE0DAE-4EA3-405C-861F-CB195BD8EB61}"
EndProject
Project("{FAE04EC0-301F-11D3-BF4B-00C04F79EFBC}") = "Mvb.FakeContacts.Uwp.App", "Example\UWP\Mvb.FakeContacts.Uwp.App\Mvb.FakeContacts.Uwp.App.csproj", "{0552BFDC-F828-4403-9CF3-D42719B55751}"
EndProject
Project("{FAE04EC0-301F-11D3-BF4B-00C04F79EFBC}") = "Mvb.FakeContacts.Uwp.Services", "Example\UWP\Mvb.FakeContacts.Uwp.Services\Mvb.FakeContacts.Uwp.Services.csproj", "{83771C84-8C8D-47ED-A298-352984BB4F0C}"
EndProject
Project("{FAE04EC0-301F-11D3-BF4B-00C04F79EFBC}") = "Mvb.FakeContacts.Win.Services", "Example\Win\Mvb.FakeContacts.Win.Services\Mvb.FakeContacts.Win.Services.csproj", "{8C13581E-167C-4DCC-87D5-8EC318CFAD68}"
EndProject
Project("{FAE04EC0-301F-11D3-BF4B-00C04F79EFBC}") = "Mvb.FakeContacts.WinConsole.App", "Example\Win\Mvb.FakeContacts.WinConsole.App\Mvb.FakeContacts.WinConsole.App.csproj", "{9402A0A0-5C25-4F82-978D-73FCEF6BAE84}"
EndProject
Project("{FAE04EC0-301F-11D3-BF4B-00C04F79EFBC}") = "Mvb.FakeContacts.WinForm.App", "Example\Win\Mvb.FakeContacts.WinForm.App\Mvb.FakeContacts.WinForm.App.csproj", "{F98E8635-1C70-4731-AB56-E11B4D722D3B}"
EndProject
Project("{FAE04EC0-301F-11D3-BF4B-00C04F79EFBC}") = "Mvb.FakeContacts.Wpf.App", "Example\Win\Mvb.FakeContacts.Wpf.App\Mvb.FakeContacts.Wpf.App.csproj", "{8CDB9BAB-6156-4BB0-A62D-BC5B7FCD21D7}"
EndProject
Project("{FAE04EC0-301F-11D3-BF4B-00C04F79EFBC}") = "Mvb.Core", "Mvb\Mvb.Core\Mvb.Core.csproj", "{E89BCC1C-CE0B-491D-B221-3C6AB26EEED0}"
EndProject
Project("{FAE04EC0-301F-11D3-BF4B-00C04F79EFBC}") = "Mvb.Platfom.Droid", "Mvb\Mvb.Platform.Droid\Mvb.Platfom.Droid.csproj", "{67C8EBFB-95B5-471F-BD80-523B5184E9DD}"
EndProject
Project("{FAE04EC0-301F-11D3-BF4B-00C04F79EFBC}") = "Mvb.Platform.Ios", "Mvb\Mvb.Platform.Ios\Mvb.Platform.Ios.csproj", "{FE0CA546-9123-41C4-8913-74F196AFB9BD}"
EndProject
Project("{FAE04EC0-301F-11D3-BF4B-00C04F79EFBC}") = "Mvb.Platform.Win.Uwp", "Mvb\Mvb.Platform.Win.Uwp\Mvb.Platform.Win.Uwp.csproj", "{5731CBE5-7E8B-4F97-B45D-7BBDE1067554}"
EndProject
Project("{FAE04EC0-301F-11D3-BF4B-00C04F79EFBC}") = "Mvb.Platform.Win.WinForms", "Mvb\Mvb.Platform.Win.WinForms\Mvb.Platform.Win.WinForms.csproj", "{98B839A7-132D-4B0A-B9A8-DA4C44D2DE29}"
EndProject
Project("{FAE04EC0-301F-11D3-BF4B-00C04F79EFBC}") = "Mvb.Platform.Win.Wpf", "Mvb\Mvb.Platform.Win.Wpf\Mvb.Platform.Win.Wpf.csproj", "{6E2ACC59-90B3-4B63-8623-AA7DA2511150}"
EndProject
Global
	GlobalSection(SolutionConfigurationPlatforms) = preSolution
		AppStore|Any CPU = AppStore|Any CPU
		AppStore|ARM = AppStore|ARM
		AppStore|iPhone = AppStore|iPhone
		AppStore|iPhoneSimulator = AppStore|iPhoneSimulator
		AppStore|x64 = AppStore|x64
		AppStore|x86 = AppStore|x86
		Debug|Any CPU = Debug|Any CPU
		Debug|ARM = Debug|ARM
		Debug|iPhone = Debug|iPhone
		Debug|iPhoneSimulator = Debug|iPhoneSimulator
		Debug|x64 = Debug|x64
		Debug|x86 = Debug|x86
		Release|Any CPU = Release|Any CPU
		Release|ARM = Release|ARM
		Release|iPhone = Release|iPhone
		Release|iPhoneSimulator = Release|iPhoneSimulator
		Release|x64 = Release|x64
		Release|x86 = Release|x86
	EndGlobalSection
	GlobalSection(ProjectConfigurationPlatforms) = postSolution
		{817B4026-9CEC-41C3-B700-A969F724864C}.AppStore|Any CPU.ActiveCfg = Release|Any CPU
		{817B4026-9CEC-41C3-B700-A969F724864C}.AppStore|Any CPU.Build.0 = Release|Any CPU
		{817B4026-9CEC-41C3-B700-A969F724864C}.AppStore|ARM.ActiveCfg = Release|Any CPU
		{817B4026-9CEC-41C3-B700-A969F724864C}.AppStore|ARM.Build.0 = Release|Any CPU
		{817B4026-9CEC-41C3-B700-A969F724864C}.AppStore|iPhone.ActiveCfg = Release|Any CPU
		{817B4026-9CEC-41C3-B700-A969F724864C}.AppStore|iPhone.Build.0 = Release|Any CPU
		{817B4026-9CEC-41C3-B700-A969F724864C}.AppStore|iPhoneSimulator.ActiveCfg = Release|Any CPU
		{817B4026-9CEC-41C3-B700-A969F724864C}.AppStore|iPhoneSimulator.Build.0 = Release|Any CPU
		{817B4026-9CEC-41C3-B700-A969F724864C}.AppStore|x64.ActiveCfg = Release|Any CPU
		{817B4026-9CEC-41C3-B700-A969F724864C}.AppStore|x64.Build.0 = Release|Any CPU
		{817B4026-9CEC-41C3-B700-A969F724864C}.AppStore|x86.ActiveCfg = Release|Any CPU
		{817B4026-9CEC-41C3-B700-A969F724864C}.AppStore|x86.Build.0 = Release|Any CPU
		{817B4026-9CEC-41C3-B700-A969F724864C}.Debug|Any CPU.ActiveCfg = Debug|Any CPU
		{817B4026-9CEC-41C3-B700-A969F724864C}.Debug|Any CPU.Build.0 = Debug|Any CPU
		{817B4026-9CEC-41C3-B700-A969F724864C}.Debug|ARM.ActiveCfg = Debug|Any CPU
		{817B4026-9CEC-41C3-B700-A969F724864C}.Debug|ARM.Build.0 = Debug|Any CPU
		{817B4026-9CEC-41C3-B700-A969F724864C}.Debug|iPhone.ActiveCfg = Debug|Any CPU
		{817B4026-9CEC-41C3-B700-A969F724864C}.Debug|iPhone.Build.0 = Debug|Any CPU
		{817B4026-9CEC-41C3-B700-A969F724864C}.Debug|iPhoneSimulator.ActiveCfg = Debug|Any CPU
		{817B4026-9CEC-41C3-B700-A969F724864C}.Debug|iPhoneSimulator.Build.0 = Debug|Any CPU
		{817B4026-9CEC-41C3-B700-A969F724864C}.Debug|x64.ActiveCfg = Debug|Any CPU
		{817B4026-9CEC-41C3-B700-A969F724864C}.Debug|x64.Build.0 = Debug|Any CPU
		{817B4026-9CEC-41C3-B700-A969F724864C}.Debug|x86.ActiveCfg = Debug|Any CPU
		{817B4026-9CEC-41C3-B700-A969F724864C}.Debug|x86.Build.0 = Debug|Any CPU
		{817B4026-9CEC-41C3-B700-A969F724864C}.Release|Any CPU.ActiveCfg = Release|Any CPU
		{817B4026-9CEC-41C3-B700-A969F724864C}.Release|Any CPU.Build.0 = Release|Any CPU
		{817B4026-9CEC-41C3-B700-A969F724864C}.Release|ARM.ActiveCfg = Release|Any CPU
		{817B4026-9CEC-41C3-B700-A969F724864C}.Release|ARM.Build.0 = Release|Any CPU
		{817B4026-9CEC-41C3-B700-A969F724864C}.Release|iPhone.ActiveCfg = Release|Any CPU
		{817B4026-9CEC-41C3-B700-A969F724864C}.Release|iPhone.Build.0 = Release|Any CPU
		{817B4026-9CEC-41C3-B700-A969F724864C}.Release|iPhoneSimulator.ActiveCfg = Release|Any CPU
		{817B4026-9CEC-41C3-B700-A969F724864C}.Release|iPhoneSimulator.Build.0 = Release|Any CPU
		{817B4026-9CEC-41C3-B700-A969F724864C}.Release|x64.ActiveCfg = Release|Any CPU
		{817B4026-9CEC-41C3-B700-A969F724864C}.Release|x64.Build.0 = Release|Any CPU
		{817B4026-9CEC-41C3-B700-A969F724864C}.Release|x86.ActiveCfg = Release|Any CPU
		{817B4026-9CEC-41C3-B700-A969F724864C}.Release|x86.Build.0 = Release|Any CPU
		{B010240E-A655-486C-A63B-A7180E810AE8}.AppStore|Any CPU.ActiveCfg = Release|Any CPU
		{B010240E-A655-486C-A63B-A7180E810AE8}.AppStore|Any CPU.Build.0 = Release|Any CPU
		{B010240E-A655-486C-A63B-A7180E810AE8}.AppStore|ARM.ActiveCfg = Release|Any CPU
		{B010240E-A655-486C-A63B-A7180E810AE8}.AppStore|ARM.Build.0 = Release|Any CPU
		{B010240E-A655-486C-A63B-A7180E810AE8}.AppStore|iPhone.ActiveCfg = Release|Any CPU
		{B010240E-A655-486C-A63B-A7180E810AE8}.AppStore|iPhone.Build.0 = Release|Any CPU
		{B010240E-A655-486C-A63B-A7180E810AE8}.AppStore|iPhoneSimulator.ActiveCfg = Release|Any CPU
		{B010240E-A655-486C-A63B-A7180E810AE8}.AppStore|iPhoneSimulator.Build.0 = Release|Any CPU
		{B010240E-A655-486C-A63B-A7180E810AE8}.AppStore|x64.ActiveCfg = Release|Any CPU
		{B010240E-A655-486C-A63B-A7180E810AE8}.AppStore|x64.Build.0 = Release|Any CPU
		{B010240E-A655-486C-A63B-A7180E810AE8}.AppStore|x86.ActiveCfg = Release|Any CPU
		{B010240E-A655-486C-A63B-A7180E810AE8}.AppStore|x86.Build.0 = Release|Any CPU
		{B010240E-A655-486C-A63B-A7180E810AE8}.Debug|Any CPU.ActiveCfg = Debug|Any CPU
		{B010240E-A655-486C-A63B-A7180E810AE8}.Debug|Any CPU.Build.0 = Debug|Any CPU
		{B010240E-A655-486C-A63B-A7180E810AE8}.Debug|ARM.ActiveCfg = Debug|Any CPU
		{B010240E-A655-486C-A63B-A7180E810AE8}.Debug|ARM.Build.0 = Debug|Any CPU
		{B010240E-A655-486C-A63B-A7180E810AE8}.Debug|iPhone.ActiveCfg = Debug|Any CPU
		{B010240E-A655-486C-A63B-A7180E810AE8}.Debug|iPhone.Build.0 = Debug|Any CPU
		{B010240E-A655-486C-A63B-A7180E810AE8}.Debug|iPhoneSimulator.ActiveCfg = Debug|Any CPU
		{B010240E-A655-486C-A63B-A7180E810AE8}.Debug|iPhoneSimulator.Build.0 = Debug|Any CPU
		{B010240E-A655-486C-A63B-A7180E810AE8}.Debug|x64.ActiveCfg = Debug|Any CPU
		{B010240E-A655-486C-A63B-A7180E810AE8}.Debug|x64.Build.0 = Debug|Any CPU
		{B010240E-A655-486C-A63B-A7180E810AE8}.Debug|x86.ActiveCfg = Debug|Any CPU
		{B010240E-A655-486C-A63B-A7180E810AE8}.Debug|x86.Build.0 = Debug|Any CPU
		{B010240E-A655-486C-A63B-A7180E810AE8}.Release|Any CPU.ActiveCfg = Release|Any CPU
		{B010240E-A655-486C-A63B-A7180E810AE8}.Release|Any CPU.Build.0 = Release|Any CPU
		{B010240E-A655-486C-A63B-A7180E810AE8}.Release|ARM.ActiveCfg = Release|Any CPU
		{B010240E-A655-486C-A63B-A7180E810AE8}.Release|ARM.Build.0 = Release|Any CPU
		{B010240E-A655-486C-A63B-A7180E810AE8}.Release|iPhone.ActiveCfg = Release|Any CPU
		{B010240E-A655-486C-A63B-A7180E810AE8}.Release|iPhone.Build.0 = Release|Any CPU
		{B010240E-A655-486C-A63B-A7180E810AE8}.Release|iPhoneSimulator.ActiveCfg = Release|Any CPU
		{B010240E-A655-486C-A63B-A7180E810AE8}.Release|iPhoneSimulator.Build.0 = Release|Any CPU
		{B010240E-A655-486C-A63B-A7180E810AE8}.Release|x64.ActiveCfg = Release|Any CPU
		{B010240E-A655-486C-A63B-A7180E810AE8}.Release|x64.Build.0 = Release|Any CPU
		{B010240E-A655-486C-A63B-A7180E810AE8}.Release|x86.ActiveCfg = Release|Any CPU
		{B010240E-A655-486C-A63B-A7180E810AE8}.Release|x86.Build.0 = Release|Any CPU
		{8143FAD9-64B1-4AF3-85F7-EA04C1AA224B}.AppStore|Any CPU.ActiveCfg = Release|Any CPU
		{8143FAD9-64B1-4AF3-85F7-EA04C1AA224B}.AppStore|Any CPU.Build.0 = Release|Any CPU
		{8143FAD9-64B1-4AF3-85F7-EA04C1AA224B}.AppStore|ARM.ActiveCfg = Release|Any CPU
		{8143FAD9-64B1-4AF3-85F7-EA04C1AA224B}.AppStore|ARM.Build.0 = Release|Any CPU
		{8143FAD9-64B1-4AF3-85F7-EA04C1AA224B}.AppStore|iPhone.ActiveCfg = Release|Any CPU
		{8143FAD9-64B1-4AF3-85F7-EA04C1AA224B}.AppStore|iPhone.Build.0 = Release|Any CPU
		{8143FAD9-64B1-4AF3-85F7-EA04C1AA224B}.AppStore|iPhoneSimulator.ActiveCfg = Release|Any CPU
		{8143FAD9-64B1-4AF3-85F7-EA04C1AA224B}.AppStore|iPhoneSimulator.Build.0 = Release|Any CPU
		{8143FAD9-64B1-4AF3-85F7-EA04C1AA224B}.AppStore|x64.ActiveCfg = Release|Any CPU
		{8143FAD9-64B1-4AF3-85F7-EA04C1AA224B}.AppStore|x64.Build.0 = Release|Any CPU
		{8143FAD9-64B1-4AF3-85F7-EA04C1AA224B}.AppStore|x86.ActiveCfg = Release|Any CPU
		{8143FAD9-64B1-4AF3-85F7-EA04C1AA224B}.AppStore|x86.Build.0 = Release|Any CPU
		{8143FAD9-64B1-4AF3-85F7-EA04C1AA224B}.Debug|Any CPU.ActiveCfg = Debug|Any CPU
		{8143FAD9-64B1-4AF3-85F7-EA04C1AA224B}.Debug|Any CPU.Build.0 = Debug|Any CPU
		{8143FAD9-64B1-4AF3-85F7-EA04C1AA224B}.Debug|ARM.ActiveCfg = Debug|Any CPU
		{8143FAD9-64B1-4AF3-85F7-EA04C1AA224B}.Debug|ARM.Build.0 = Debug|Any CPU
		{8143FAD9-64B1-4AF3-85F7-EA04C1AA224B}.Debug|iPhone.ActiveCfg = Debug|Any CPU
		{8143FAD9-64B1-4AF3-85F7-EA04C1AA224B}.Debug|iPhone.Build.0 = Debug|Any CPU
		{8143FAD9-64B1-4AF3-85F7-EA04C1AA224B}.Debug|iPhoneSimulator.ActiveCfg = Debug|Any CPU
		{8143FAD9-64B1-4AF3-85F7-EA04C1AA224B}.Debug|iPhoneSimulator.Build.0 = Debug|Any CPU
		{8143FAD9-64B1-4AF3-85F7-EA04C1AA224B}.Debug|x64.ActiveCfg = Debug|Any CPU
		{8143FAD9-64B1-4AF3-85F7-EA04C1AA224B}.Debug|x64.Build.0 = Debug|Any CPU
		{8143FAD9-64B1-4AF3-85F7-EA04C1AA224B}.Debug|x86.ActiveCfg = Debug|Any CPU
		{8143FAD9-64B1-4AF3-85F7-EA04C1AA224B}.Debug|x86.Build.0 = Debug|Any CPU
		{8143FAD9-64B1-4AF3-85F7-EA04C1AA224B}.Release|Any CPU.ActiveCfg = Release|Any CPU
		{8143FAD9-64B1-4AF3-85F7-EA04C1AA224B}.Release|Any CPU.Build.0 = Release|Any CPU
		{8143FAD9-64B1-4AF3-85F7-EA04C1AA224B}.Release|ARM.ActiveCfg = Release|Any CPU
		{8143FAD9-64B1-4AF3-85F7-EA04C1AA224B}.Release|ARM.Build.0 = Release|Any CPU
		{8143FAD9-64B1-4AF3-85F7-EA04C1AA224B}.Release|iPhone.ActiveCfg = Release|Any CPU
		{8143FAD9-64B1-4AF3-85F7-EA04C1AA224B}.Release|iPhone.Build.0 = Release|Any CPU
		{8143FAD9-64B1-4AF3-85F7-EA04C1AA224B}.Release|iPhoneSimulator.ActiveCfg = Release|Any CPU
		{8143FAD9-64B1-4AF3-85F7-EA04C1AA224B}.Release|iPhoneSimulator.Build.0 = Release|Any CPU
		{8143FAD9-64B1-4AF3-85F7-EA04C1AA224B}.Release|x64.ActiveCfg = Release|Any CPU
		{8143FAD9-64B1-4AF3-85F7-EA04C1AA224B}.Release|x64.Build.0 = Release|Any CPU
		{8143FAD9-64B1-4AF3-85F7-EA04C1AA224B}.Release|x86.ActiveCfg = Release|Any CPU
		{8143FAD9-64B1-4AF3-85F7-EA04C1AA224B}.Release|x86.Build.0 = Release|Any CPU
		{E6B91186-198B-4711-AD16-683D8782B044}.AppStore|Any CPU.ActiveCfg = Release|Any CPU
		{E6B91186-198B-4711-AD16-683D8782B044}.AppStore|Any CPU.Build.0 = Release|Any CPU
		{E6B91186-198B-4711-AD16-683D8782B044}.AppStore|ARM.ActiveCfg = Release|Any CPU
		{E6B91186-198B-4711-AD16-683D8782B044}.AppStore|ARM.Build.0 = Release|Any CPU
		{E6B91186-198B-4711-AD16-683D8782B044}.AppStore|iPhone.ActiveCfg = Release|Any CPU
		{E6B91186-198B-4711-AD16-683D8782B044}.AppStore|iPhone.Build.0 = Release|Any CPU
		{E6B91186-198B-4711-AD16-683D8782B044}.AppStore|iPhoneSimulator.ActiveCfg = Release|Any CPU
		{E6B91186-198B-4711-AD16-683D8782B044}.AppStore|iPhoneSimulator.Build.0 = Release|Any CPU
		{E6B91186-198B-4711-AD16-683D8782B044}.AppStore|x64.ActiveCfg = Release|Any CPU
		{E6B91186-198B-4711-AD16-683D8782B044}.AppStore|x64.Build.0 = Release|Any CPU
		{E6B91186-198B-4711-AD16-683D8782B044}.AppStore|x86.ActiveCfg = Release|Any CPU
		{E6B91186-198B-4711-AD16-683D8782B044}.AppStore|x86.Build.0 = Release|Any CPU
		{E6B91186-198B-4711-AD16-683D8782B044}.Debug|Any CPU.ActiveCfg = Debug|Any CPU
		{E6B91186-198B-4711-AD16-683D8782B044}.Debug|Any CPU.Build.0 = Debug|Any CPU
		{E6B91186-198B-4711-AD16-683D8782B044}.Debug|ARM.ActiveCfg = Debug|Any CPU
		{E6B91186-198B-4711-AD16-683D8782B044}.Debug|ARM.Build.0 = Debug|Any CPU
		{E6B91186-198B-4711-AD16-683D8782B044}.Debug|iPhone.ActiveCfg = Debug|Any CPU
		{E6B91186-198B-4711-AD16-683D8782B044}.Debug|iPhone.Build.0 = Debug|Any CPU
		{E6B91186-198B-4711-AD16-683D8782B044}.Debug|iPhoneSimulator.ActiveCfg = Debug|Any CPU
		{E6B91186-198B-4711-AD16-683D8782B044}.Debug|iPhoneSimulator.Build.0 = Debug|Any CPU
		{E6B91186-198B-4711-AD16-683D8782B044}.Debug|x64.ActiveCfg = Debug|Any CPU
		{E6B91186-198B-4711-AD16-683D8782B044}.Debug|x64.Build.0 = Debug|Any CPU
		{E6B91186-198B-4711-AD16-683D8782B044}.Debug|x86.ActiveCfg = Debug|Any CPU
		{E6B91186-198B-4711-AD16-683D8782B044}.Debug|x86.Build.0 = Debug|Any CPU
		{E6B91186-198B-4711-AD16-683D8782B044}.Release|Any CPU.ActiveCfg = Release|Any CPU
		{E6B91186-198B-4711-AD16-683D8782B044}.Release|Any CPU.Build.0 = Release|Any CPU
		{E6B91186-198B-4711-AD16-683D8782B044}.Release|ARM.ActiveCfg = Release|Any CPU
		{E6B91186-198B-4711-AD16-683D8782B044}.Release|ARM.Build.0 = Release|Any CPU
		{E6B91186-198B-4711-AD16-683D8782B044}.Release|iPhone.ActiveCfg = Release|Any CPU
		{E6B91186-198B-4711-AD16-683D8782B044}.Release|iPhone.Build.0 = Release|Any CPU
		{E6B91186-198B-4711-AD16-683D8782B044}.Release|iPhoneSimulator.ActiveCfg = Release|Any CPU
		{E6B91186-198B-4711-AD16-683D8782B044}.Release|iPhoneSimulator.Build.0 = Release|Any CPU
		{E6B91186-198B-4711-AD16-683D8782B044}.Release|x64.ActiveCfg = Release|Any CPU
		{E6B91186-198B-4711-AD16-683D8782B044}.Release|x64.Build.0 = Release|Any CPU
		{E6B91186-198B-4711-AD16-683D8782B044}.Release|x86.ActiveCfg = Release|Any CPU
		{E6B91186-198B-4711-AD16-683D8782B044}.Release|x86.Build.0 = Release|Any CPU
		{154615C2-66F7-47BB-A304-F84F6D9A082A}.AppStore|Any CPU.ActiveCfg = Release|Any CPU
		{154615C2-66F7-47BB-A304-F84F6D9A082A}.AppStore|Any CPU.Build.0 = Release|Any CPU
		{154615C2-66F7-47BB-A304-F84F6D9A082A}.AppStore|Any CPU.Deploy.0 = Release|Any CPU
		{154615C2-66F7-47BB-A304-F84F6D9A082A}.AppStore|ARM.ActiveCfg = Release|Any CPU
		{154615C2-66F7-47BB-A304-F84F6D9A082A}.AppStore|ARM.Build.0 = Release|Any CPU
		{154615C2-66F7-47BB-A304-F84F6D9A082A}.AppStore|ARM.Deploy.0 = Release|Any CPU
		{154615C2-66F7-47BB-A304-F84F6D9A082A}.AppStore|iPhone.ActiveCfg = Release|Any CPU
		{154615C2-66F7-47BB-A304-F84F6D9A082A}.AppStore|iPhone.Build.0 = Release|Any CPU
		{154615C2-66F7-47BB-A304-F84F6D9A082A}.AppStore|iPhone.Deploy.0 = Release|Any CPU
		{154615C2-66F7-47BB-A304-F84F6D9A082A}.AppStore|iPhoneSimulator.ActiveCfg = Release|Any CPU
		{154615C2-66F7-47BB-A304-F84F6D9A082A}.AppStore|iPhoneSimulator.Build.0 = Release|Any CPU
		{154615C2-66F7-47BB-A304-F84F6D9A082A}.AppStore|iPhoneSimulator.Deploy.0 = Release|Any CPU
		{154615C2-66F7-47BB-A304-F84F6D9A082A}.AppStore|x64.ActiveCfg = Release|Any CPU
		{154615C2-66F7-47BB-A304-F84F6D9A082A}.AppStore|x64.Build.0 = Release|Any CPU
		{154615C2-66F7-47BB-A304-F84F6D9A082A}.AppStore|x64.Deploy.0 = Release|Any CPU
		{154615C2-66F7-47BB-A304-F84F6D9A082A}.AppStore|x86.ActiveCfg = Release|Any CPU
		{154615C2-66F7-47BB-A304-F84F6D9A082A}.AppStore|x86.Build.0 = Release|Any CPU
		{154615C2-66F7-47BB-A304-F84F6D9A082A}.AppStore|x86.Deploy.0 = Release|Any CPU
		{154615C2-66F7-47BB-A304-F84F6D9A082A}.Debug|Any CPU.ActiveCfg = Debug|Any CPU
		{154615C2-66F7-47BB-A304-F84F6D9A082A}.Debug|Any CPU.Build.0 = Debug|Any CPU
		{154615C2-66F7-47BB-A304-F84F6D9A082A}.Debug|Any CPU.Deploy.0 = Debug|Any CPU
		{154615C2-66F7-47BB-A304-F84F6D9A082A}.Debug|ARM.ActiveCfg = Debug|Any CPU
		{154615C2-66F7-47BB-A304-F84F6D9A082A}.Debug|ARM.Build.0 = Debug|Any CPU
		{154615C2-66F7-47BB-A304-F84F6D9A082A}.Debug|ARM.Deploy.0 = Debug|Any CPU
		{154615C2-66F7-47BB-A304-F84F6D9A082A}.Debug|iPhone.ActiveCfg = Debug|Any CPU
		{154615C2-66F7-47BB-A304-F84F6D9A082A}.Debug|iPhone.Build.0 = Debug|Any CPU
		{154615C2-66F7-47BB-A304-F84F6D9A082A}.Debug|iPhone.Deploy.0 = Debug|Any CPU
		{154615C2-66F7-47BB-A304-F84F6D9A082A}.Debug|iPhoneSimulator.ActiveCfg = Debug|Any CPU
		{154615C2-66F7-47BB-A304-F84F6D9A082A}.Debug|iPhoneSimulator.Build.0 = Debug|Any CPU
		{154615C2-66F7-47BB-A304-F84F6D9A082A}.Debug|iPhoneSimulator.Deploy.0 = Debug|Any CPU
		{154615C2-66F7-47BB-A304-F84F6D9A082A}.Debug|x64.ActiveCfg = Debug|Any CPU
		{154615C2-66F7-47BB-A304-F84F6D9A082A}.Debug|x64.Build.0 = Debug|Any CPU
		{154615C2-66F7-47BB-A304-F84F6D9A082A}.Debug|x64.Deploy.0 = Debug|Any CPU
		{154615C2-66F7-47BB-A304-F84F6D9A082A}.Debug|x86.ActiveCfg = Debug|Any CPU
		{154615C2-66F7-47BB-A304-F84F6D9A082A}.Debug|x86.Build.0 = Debug|Any CPU
		{154615C2-66F7-47BB-A304-F84F6D9A082A}.Debug|x86.Deploy.0 = Debug|Any CPU
		{154615C2-66F7-47BB-A304-F84F6D9A082A}.Release|Any CPU.ActiveCfg = Release|Any CPU
		{154615C2-66F7-47BB-A304-F84F6D9A082A}.Release|Any CPU.Build.0 = Release|Any CPU
		{154615C2-66F7-47BB-A304-F84F6D9A082A}.Release|Any CPU.Deploy.0 = Release|Any CPU
		{154615C2-66F7-47BB-A304-F84F6D9A082A}.Release|ARM.ActiveCfg = Release|Any CPU
		{154615C2-66F7-47BB-A304-F84F6D9A082A}.Release|ARM.Build.0 = Release|Any CPU
		{154615C2-66F7-47BB-A304-F84F6D9A082A}.Release|ARM.Deploy.0 = Release|Any CPU
		{154615C2-66F7-47BB-A304-F84F6D9A082A}.Release|iPhone.ActiveCfg = Release|Any CPU
		{154615C2-66F7-47BB-A304-F84F6D9A082A}.Release|iPhone.Build.0 = Release|Any CPU
		{154615C2-66F7-47BB-A304-F84F6D9A082A}.Release|iPhone.Deploy.0 = Release|Any CPU
		{154615C2-66F7-47BB-A304-F84F6D9A082A}.Release|iPhoneSimulator.ActiveCfg = Release|Any CPU
		{154615C2-66F7-47BB-A304-F84F6D9A082A}.Release|iPhoneSimulator.Build.0 = Release|Any CPU
		{154615C2-66F7-47BB-A304-F84F6D9A082A}.Release|iPhoneSimulator.Deploy.0 = Release|Any CPU
		{154615C2-66F7-47BB-A304-F84F6D9A082A}.Release|x64.ActiveCfg = Release|Any CPU
		{154615C2-66F7-47BB-A304-F84F6D9A082A}.Release|x64.Build.0 = Release|Any CPU
		{154615C2-66F7-47BB-A304-F84F6D9A082A}.Release|x64.Deploy.0 = Release|Any CPU
		{154615C2-66F7-47BB-A304-F84F6D9A082A}.Release|x86.ActiveCfg = Release|Any CPU
		{154615C2-66F7-47BB-A304-F84F6D9A082A}.Release|x86.Build.0 = Release|Any CPU
		{154615C2-66F7-47BB-A304-F84F6D9A082A}.Release|x86.Deploy.0 = Release|Any CPU
		{789CE0F7-1EAA-47EA-9071-740CE5D35336}.AppStore|Any CPU.ActiveCfg = Release|Any CPU
		{789CE0F7-1EAA-47EA-9071-740CE5D35336}.AppStore|Any CPU.Build.0 = Release|Any CPU
		{789CE0F7-1EAA-47EA-9071-740CE5D35336}.AppStore|ARM.ActiveCfg = Release|Any CPU
		{789CE0F7-1EAA-47EA-9071-740CE5D35336}.AppStore|ARM.Build.0 = Release|Any CPU
		{789CE0F7-1EAA-47EA-9071-740CE5D35336}.AppStore|iPhone.ActiveCfg = Release|Any CPU
		{789CE0F7-1EAA-47EA-9071-740CE5D35336}.AppStore|iPhone.Build.0 = Release|Any CPU
		{789CE0F7-1EAA-47EA-9071-740CE5D35336}.AppStore|iPhoneSimulator.ActiveCfg = Release|Any CPU
		{789CE0F7-1EAA-47EA-9071-740CE5D35336}.AppStore|iPhoneSimulator.Build.0 = Release|Any CPU
		{789CE0F7-1EAA-47EA-9071-740CE5D35336}.AppStore|x64.ActiveCfg = Release|Any CPU
		{789CE0F7-1EAA-47EA-9071-740CE5D35336}.AppStore|x64.Build.0 = Release|Any CPU
		{789CE0F7-1EAA-47EA-9071-740CE5D35336}.AppStore|x86.ActiveCfg = Release|Any CPU
		{789CE0F7-1EAA-47EA-9071-740CE5D35336}.AppStore|x86.Build.0 = Release|Any CPU
		{789CE0F7-1EAA-47EA-9071-740CE5D35336}.Debug|Any CPU.ActiveCfg = Debug|Any CPU
		{789CE0F7-1EAA-47EA-9071-740CE5D35336}.Debug|Any CPU.Build.0 = Debug|Any CPU
		{789CE0F7-1EAA-47EA-9071-740CE5D35336}.Debug|ARM.ActiveCfg = Debug|Any CPU
		{789CE0F7-1EAA-47EA-9071-740CE5D35336}.Debug|ARM.Build.0 = Debug|Any CPU
		{789CE0F7-1EAA-47EA-9071-740CE5D35336}.Debug|iPhone.ActiveCfg = Debug|Any CPU
		{789CE0F7-1EAA-47EA-9071-740CE5D35336}.Debug|iPhone.Build.0 = Debug|Any CPU
		{789CE0F7-1EAA-47EA-9071-740CE5D35336}.Debug|iPhoneSimulator.ActiveCfg = Debug|Any CPU
		{789CE0F7-1EAA-47EA-9071-740CE5D35336}.Debug|iPhoneSimulator.Build.0 = Debug|Any CPU
		{789CE0F7-1EAA-47EA-9071-740CE5D35336}.Debug|x64.ActiveCfg = Debug|Any CPU
		{789CE0F7-1EAA-47EA-9071-740CE5D35336}.Debug|x64.Build.0 = Debug|Any CPU
		{789CE0F7-1EAA-47EA-9071-740CE5D35336}.Debug|x86.ActiveCfg = Debug|Any CPU
		{789CE0F7-1EAA-47EA-9071-740CE5D35336}.Debug|x86.Build.0 = Debug|Any CPU
		{789CE0F7-1EAA-47EA-9071-740CE5D35336}.Release|Any CPU.ActiveCfg = Release|Any CPU
		{789CE0F7-1EAA-47EA-9071-740CE5D35336}.Release|Any CPU.Build.0 = Release|Any CPU
		{789CE0F7-1EAA-47EA-9071-740CE5D35336}.Release|ARM.ActiveCfg = Release|Any CPU
		{789CE0F7-1EAA-47EA-9071-740CE5D35336}.Release|ARM.Build.0 = Release|Any CPU
		{789CE0F7-1EAA-47EA-9071-740CE5D35336}.Release|iPhone.ActiveCfg = Release|Any CPU
		{789CE0F7-1EAA-47EA-9071-740CE5D35336}.Release|iPhone.Build.0 = Release|Any CPU
		{789CE0F7-1EAA-47EA-9071-740CE5D35336}.Release|iPhoneSimulator.ActiveCfg = Release|Any CPU
		{789CE0F7-1EAA-47EA-9071-740CE5D35336}.Release|iPhoneSimulator.Build.0 = Release|Any CPU
		{789CE0F7-1EAA-47EA-9071-740CE5D35336}.Release|x64.ActiveCfg = Release|Any CPU
		{789CE0F7-1EAA-47EA-9071-740CE5D35336}.Release|x64.Build.0 = Release|Any CPU
		{789CE0F7-1EAA-47EA-9071-740CE5D35336}.Release|x86.ActiveCfg = Release|Any CPU
		{789CE0F7-1EAA-47EA-9071-740CE5D35336}.Release|x86.Build.0 = Release|Any CPU
		{42DD781F-B727-43A9-9A08-DE7A557DB871}.AppStore|Any CPU.ActiveCfg = Release|iPhone
		{42DD781F-B727-43A9-9A08-DE7A557DB871}.AppStore|Any CPU.Build.0 = Release|iPhone
		{42DD781F-B727-43A9-9A08-DE7A557DB871}.AppStore|ARM.ActiveCfg = Release|iPhone
		{42DD781F-B727-43A9-9A08-DE7A557DB871}.AppStore|ARM.Build.0 = Release|iPhone
		{42DD781F-B727-43A9-9A08-DE7A557DB871}.AppStore|iPhone.ActiveCfg = Release|iPhone
		{42DD781F-B727-43A9-9A08-DE7A557DB871}.AppStore|iPhone.Build.0 = Release|iPhone
		{42DD781F-B727-43A9-9A08-DE7A557DB871}.AppStore|iPhoneSimulator.ActiveCfg = Release|iPhoneSimulator
		{42DD781F-B727-43A9-9A08-DE7A557DB871}.AppStore|iPhoneSimulator.Build.0 = Release|iPhoneSimulator
		{42DD781F-B727-43A9-9A08-DE7A557DB871}.AppStore|x64.ActiveCfg = Release|iPhone
		{42DD781F-B727-43A9-9A08-DE7A557DB871}.AppStore|x64.Build.0 = Release|iPhone
		{42DD781F-B727-43A9-9A08-DE7A557DB871}.AppStore|x86.ActiveCfg = Release|iPhone
		{42DD781F-B727-43A9-9A08-DE7A557DB871}.AppStore|x86.Build.0 = Release|iPhone
		{42DD781F-B727-43A9-9A08-DE7A557DB871}.Debug|Any CPU.ActiveCfg = Debug|iPhone
		{42DD781F-B727-43A9-9A08-DE7A557DB871}.Debug|ARM.ActiveCfg = Debug|iPhone
		{42DD781F-B727-43A9-9A08-DE7A557DB871}.Debug|iPhone.ActiveCfg = Debug|iPhone
		{42DD781F-B727-43A9-9A08-DE7A557DB871}.Debug|iPhone.Build.0 = Debug|iPhone
		{42DD781F-B727-43A9-9A08-DE7A557DB871}.Debug|iPhoneSimulator.ActiveCfg = Debug|iPhoneSimulator
		{42DD781F-B727-43A9-9A08-DE7A557DB871}.Debug|iPhoneSimulator.Build.0 = Debug|iPhoneSimulator
		{42DD781F-B727-43A9-9A08-DE7A557DB871}.Debug|x64.ActiveCfg = Debug|iPhone
		{42DD781F-B727-43A9-9A08-DE7A557DB871}.Debug|x86.ActiveCfg = Debug|iPhone
		{42DD781F-B727-43A9-9A08-DE7A557DB871}.Release|Any CPU.ActiveCfg = Release|iPhone
		{42DD781F-B727-43A9-9A08-DE7A557DB871}.Release|ARM.ActiveCfg = Release|iPhone
		{42DD781F-B727-43A9-9A08-DE7A557DB871}.Release|iPhone.ActiveCfg = Release|iPhone
		{42DD781F-B727-43A9-9A08-DE7A557DB871}.Release|iPhone.Build.0 = Release|iPhone
		{42DD781F-B727-43A9-9A08-DE7A557DB871}.Release|iPhoneSimulator.ActiveCfg = Release|iPhoneSimulator
		{42DD781F-B727-43A9-9A08-DE7A557DB871}.Release|iPhoneSimulator.Build.0 = Release|iPhoneSimulator
		{42DD781F-B727-43A9-9A08-DE7A557DB871}.Release|x64.ActiveCfg = Release|iPhone
		{42DD781F-B727-43A9-9A08-DE7A557DB871}.Release|x86.ActiveCfg = Release|iPhone
		{7DDE0DAE-4EA3-405C-861F-CB195BD8EB61}.AppStore|Any CPU.ActiveCfg = Release|Any CPU
		{7DDE0DAE-4EA3-405C-861F-CB195BD8EB61}.AppStore|Any CPU.Build.0 = Release|Any CPU
		{7DDE0DAE-4EA3-405C-861F-CB195BD8EB61}.AppStore|ARM.ActiveCfg = Release|Any CPU
		{7DDE0DAE-4EA3-405C-861F-CB195BD8EB61}.AppStore|ARM.Build.0 = Release|Any CPU
		{7DDE0DAE-4EA3-405C-861F-CB195BD8EB61}.AppStore|iPhone.ActiveCfg = Release|Any CPU
		{7DDE0DAE-4EA3-405C-861F-CB195BD8EB61}.AppStore|iPhone.Build.0 = Release|Any CPU
		{7DDE0DAE-4EA3-405C-861F-CB195BD8EB61}.AppStore|iPhoneSimulator.ActiveCfg = Release|Any CPU
		{7DDE0DAE-4EA3-405C-861F-CB195BD8EB61}.AppStore|iPhoneSimulator.Build.0 = Release|Any CPU
		{7DDE0DAE-4EA3-405C-861F-CB195BD8EB61}.AppStore|x64.ActiveCfg = Release|Any CPU
		{7DDE0DAE-4EA3-405C-861F-CB195BD8EB61}.AppStore|x64.Build.0 = Release|Any CPU
		{7DDE0DAE-4EA3-405C-861F-CB195BD8EB61}.AppStore|x86.ActiveCfg = Release|Any CPU
		{7DDE0DAE-4EA3-405C-861F-CB195BD8EB61}.AppStore|x86.Build.0 = Release|Any CPU
		{7DDE0DAE-4EA3-405C-861F-CB195BD8EB61}.Debug|Any CPU.ActiveCfg = Debug|Any CPU
		{7DDE0DAE-4EA3-405C-861F-CB195BD8EB61}.Debug|Any CPU.Build.0 = Debug|Any CPU
		{7DDE0DAE-4EA3-405C-861F-CB195BD8EB61}.Debug|ARM.ActiveCfg = Debug|Any CPU
		{7DDE0DAE-4EA3-405C-861F-CB195BD8EB61}.Debug|ARM.Build.0 = Debug|Any CPU
		{7DDE0DAE-4EA3-405C-861F-CB195BD8EB61}.Debug|iPhone.ActiveCfg = Debug|Any CPU
		{7DDE0DAE-4EA3-405C-861F-CB195BD8EB61}.Debug|iPhone.Build.0 = Debug|Any CPU
		{7DDE0DAE-4EA3-405C-861F-CB195BD8EB61}.Debug|iPhoneSimulator.ActiveCfg = Debug|Any CPU
		{7DDE0DAE-4EA3-405C-861F-CB195BD8EB61}.Debug|iPhoneSimulator.Build.0 = Debug|Any CPU
		{7DDE0DAE-4EA3-405C-861F-CB195BD8EB61}.Debug|x64.ActiveCfg = Debug|Any CPU
		{7DDE0DAE-4EA3-405C-861F-CB195BD8EB61}.Debug|x64.Build.0 = Debug|Any CPU
		{7DDE0DAE-4EA3-405C-861F-CB195BD8EB61}.Debug|x86.ActiveCfg = Debug|Any CPU
		{7DDE0DAE-4EA3-405C-861F-CB195BD8EB61}.Debug|x86.Build.0 = Debug|Any CPU
		{7DDE0DAE-4EA3-405C-861F-CB195BD8EB61}.Release|Any CPU.ActiveCfg = Release|Any CPU
		{7DDE0DAE-4EA3-405C-861F-CB195BD8EB61}.Release|Any CPU.Build.0 = Release|Any CPU
		{7DDE0DAE-4EA3-405C-861F-CB195BD8EB61}.Release|ARM.ActiveCfg = Release|Any CPU
		{7DDE0DAE-4EA3-405C-861F-CB195BD8EB61}.Release|ARM.Build.0 = Release|Any CPU
		{7DDE0DAE-4EA3-405C-861F-CB195BD8EB61}.Release|iPhone.ActiveCfg = Release|Any CPU
		{7DDE0DAE-4EA3-405C-861F-CB195BD8EB61}.Release|iPhone.Build.0 = Release|Any CPU
		{7DDE0DAE-4EA3-405C-861F-CB195BD8EB61}.Release|iPhoneSimulator.ActiveCfg = Release|Any CPU
		{7DDE0DAE-4EA3-405C-861F-CB195BD8EB61}.Release|iPhoneSimulator.Build.0 = Release|Any CPU
		{7DDE0DAE-4EA3-405C-861F-CB195BD8EB61}.Release|x64.ActiveCfg = Release|Any CPU
		{7DDE0DAE-4EA3-405C-861F-CB195BD8EB61}.Release|x64.Build.0 = Release|Any CPU
		{7DDE0DAE-4EA3-405C-861F-CB195BD8EB61}.Release|x86.ActiveCfg = Release|Any CPU
		{7DDE0DAE-4EA3-405C-861F-CB195BD8EB61}.Release|x86.Build.0 = Release|Any CPU
		{0552BFDC-F828-4403-9CF3-D42719B55751}.AppStore|Any CPU.ActiveCfg = Release|x64
		{0552BFDC-F828-4403-9CF3-D42719B55751}.AppStore|Any CPU.Build.0 = Release|x64
		{0552BFDC-F828-4403-9CF3-D42719B55751}.AppStore|Any CPU.Deploy.0 = Release|x64
		{0552BFDC-F828-4403-9CF3-D42719B55751}.AppStore|ARM.ActiveCfg = Release|ARM
		{0552BFDC-F828-4403-9CF3-D42719B55751}.AppStore|ARM.Build.0 = Release|ARM
		{0552BFDC-F828-4403-9CF3-D42719B55751}.AppStore|ARM.Deploy.0 = Release|ARM
		{0552BFDC-F828-4403-9CF3-D42719B55751}.AppStore|iPhone.ActiveCfg = Release|x64
		{0552BFDC-F828-4403-9CF3-D42719B55751}.AppStore|iPhone.Build.0 = Release|x64
		{0552BFDC-F828-4403-9CF3-D42719B55751}.AppStore|iPhone.Deploy.0 = Release|x64
		{0552BFDC-F828-4403-9CF3-D42719B55751}.AppStore|iPhoneSimulator.ActiveCfg = Release|x64
		{0552BFDC-F828-4403-9CF3-D42719B55751}.AppStore|iPhoneSimulator.Build.0 = Release|x64
		{0552BFDC-F828-4403-9CF3-D42719B55751}.AppStore|iPhoneSimulator.Deploy.0 = Release|x64
		{0552BFDC-F828-4403-9CF3-D42719B55751}.AppStore|x64.ActiveCfg = Release|x64
		{0552BFDC-F828-4403-9CF3-D42719B55751}.AppStore|x64.Build.0 = Release|x64
		{0552BFDC-F828-4403-9CF3-D42719B55751}.AppStore|x64.Deploy.0 = Release|x64
		{0552BFDC-F828-4403-9CF3-D42719B55751}.AppStore|x86.ActiveCfg = Release|x86
		{0552BFDC-F828-4403-9CF3-D42719B55751}.AppStore|x86.Build.0 = Release|x86
		{0552BFDC-F828-4403-9CF3-D42719B55751}.AppStore|x86.Deploy.0 = Release|x86
		{0552BFDC-F828-4403-9CF3-D42719B55751}.Debug|Any CPU.ActiveCfg = Debug|x86
		{0552BFDC-F828-4403-9CF3-D42719B55751}.Debug|ARM.ActiveCfg = Debug|ARM
		{0552BFDC-F828-4403-9CF3-D42719B55751}.Debug|ARM.Build.0 = Debug|ARM
		{0552BFDC-F828-4403-9CF3-D42719B55751}.Debug|ARM.Deploy.0 = Debug|ARM
		{0552BFDC-F828-4403-9CF3-D42719B55751}.Debug|iPhone.ActiveCfg = Debug|x86
		{0552BFDC-F828-4403-9CF3-D42719B55751}.Debug|iPhoneSimulator.ActiveCfg = Debug|x86
		{0552BFDC-F828-4403-9CF3-D42719B55751}.Debug|x64.ActiveCfg = Debug|x64
		{0552BFDC-F828-4403-9CF3-D42719B55751}.Debug|x64.Build.0 = Debug|x64
		{0552BFDC-F828-4403-9CF3-D42719B55751}.Debug|x64.Deploy.0 = Debug|x64
		{0552BFDC-F828-4403-9CF3-D42719B55751}.Debug|x86.ActiveCfg = Debug|x86
		{0552BFDC-F828-4403-9CF3-D42719B55751}.Debug|x86.Build.0 = Debug|x86
		{0552BFDC-F828-4403-9CF3-D42719B55751}.Debug|x86.Deploy.0 = Debug|x86
		{0552BFDC-F828-4403-9CF3-D42719B55751}.Release|Any CPU.ActiveCfg = Release|x86
		{0552BFDC-F828-4403-9CF3-D42719B55751}.Release|ARM.ActiveCfg = Release|ARM
		{0552BFDC-F828-4403-9CF3-D42719B55751}.Release|ARM.Build.0 = Release|ARM
		{0552BFDC-F828-4403-9CF3-D42719B55751}.Release|ARM.Deploy.0 = Release|ARM
		{0552BFDC-F828-4403-9CF3-D42719B55751}.Release|iPhone.ActiveCfg = Release|x86
		{0552BFDC-F828-4403-9CF3-D42719B55751}.Release|iPhoneSimulator.ActiveCfg = Release|x86
		{0552BFDC-F828-4403-9CF3-D42719B55751}.Release|x64.ActiveCfg = Release|x64
		{0552BFDC-F828-4403-9CF3-D42719B55751}.Release|x64.Build.0 = Release|x64
		{0552BFDC-F828-4403-9CF3-D42719B55751}.Release|x64.Deploy.0 = Release|x64
		{0552BFDC-F828-4403-9CF3-D42719B55751}.Release|x86.ActiveCfg = Release|x86
		{0552BFDC-F828-4403-9CF3-D42719B55751}.Release|x86.Build.0 = Release|x86
		{0552BFDC-F828-4403-9CF3-D42719B55751}.Release|x86.Deploy.0 = Release|x86
		{83771C84-8C8D-47ED-A298-352984BB4F0C}.AppStore|Any CPU.ActiveCfg = Release|Any CPU
		{83771C84-8C8D-47ED-A298-352984BB4F0C}.AppStore|Any CPU.Build.0 = Release|Any CPU
		{83771C84-8C8D-47ED-A298-352984BB4F0C}.AppStore|ARM.ActiveCfg = Release|ARM
		{83771C84-8C8D-47ED-A298-352984BB4F0C}.AppStore|ARM.Build.0 = Release|ARM
		{83771C84-8C8D-47ED-A298-352984BB4F0C}.AppStore|iPhone.ActiveCfg = Release|Any CPU
		{83771C84-8C8D-47ED-A298-352984BB4F0C}.AppStore|iPhone.Build.0 = Release|Any CPU
		{83771C84-8C8D-47ED-A298-352984BB4F0C}.AppStore|iPhoneSimulator.ActiveCfg = Release|Any CPU
		{83771C84-8C8D-47ED-A298-352984BB4F0C}.AppStore|iPhoneSimulator.Build.0 = Release|Any CPU
		{83771C84-8C8D-47ED-A298-352984BB4F0C}.AppStore|x64.ActiveCfg = Release|x64
		{83771C84-8C8D-47ED-A298-352984BB4F0C}.AppStore|x64.Build.0 = Release|x64
		{83771C84-8C8D-47ED-A298-352984BB4F0C}.AppStore|x86.ActiveCfg = Release|x86
		{83771C84-8C8D-47ED-A298-352984BB4F0C}.AppStore|x86.Build.0 = Release|x86
		{83771C84-8C8D-47ED-A298-352984BB4F0C}.Debug|Any CPU.ActiveCfg = Debug|Any CPU
		{83771C84-8C8D-47ED-A298-352984BB4F0C}.Debug|Any CPU.Build.0 = Debug|Any CPU
		{83771C84-8C8D-47ED-A298-352984BB4F0C}.Debug|ARM.ActiveCfg = Debug|ARM
		{83771C84-8C8D-47ED-A298-352984BB4F0C}.Debug|ARM.Build.0 = Debug|ARM
		{83771C84-8C8D-47ED-A298-352984BB4F0C}.Debug|iPhone.ActiveCfg = Debug|Any CPU
		{83771C84-8C8D-47ED-A298-352984BB4F0C}.Debug|iPhone.Build.0 = Debug|Any CPU
		{83771C84-8C8D-47ED-A298-352984BB4F0C}.Debug|iPhoneSimulator.ActiveCfg = Debug|Any CPU
		{83771C84-8C8D-47ED-A298-352984BB4F0C}.Debug|iPhoneSimulator.Build.0 = Debug|Any CPU
		{83771C84-8C8D-47ED-A298-352984BB4F0C}.Debug|x64.ActiveCfg = Debug|x64
		{83771C84-8C8D-47ED-A298-352984BB4F0C}.Debug|x64.Build.0 = Debug|x64
		{83771C84-8C8D-47ED-A298-352984BB4F0C}.Debug|x86.ActiveCfg = Debug|x86
		{83771C84-8C8D-47ED-A298-352984BB4F0C}.Debug|x86.Build.0 = Debug|x86
		{83771C84-8C8D-47ED-A298-352984BB4F0C}.Release|Any CPU.ActiveCfg = Release|Any CPU
		{83771C84-8C8D-47ED-A298-352984BB4F0C}.Release|Any CPU.Build.0 = Release|Any CPU
		{83771C84-8C8D-47ED-A298-352984BB4F0C}.Release|ARM.ActiveCfg = Release|ARM
		{83771C84-8C8D-47ED-A298-352984BB4F0C}.Release|ARM.Build.0 = Release|ARM
		{83771C84-8C8D-47ED-A298-352984BB4F0C}.Release|iPhone.ActiveCfg = Release|Any CPU
		{83771C84-8C8D-47ED-A298-352984BB4F0C}.Release|iPhone.Build.0 = Release|Any CPU
		{83771C84-8C8D-47ED-A298-352984BB4F0C}.Release|iPhoneSimulator.ActiveCfg = Release|Any CPU
		{83771C84-8C8D-47ED-A298-352984BB4F0C}.Release|iPhoneSimulator.Build.0 = Release|Any CPU
		{83771C84-8C8D-47ED-A298-352984BB4F0C}.Release|x64.ActiveCfg = Release|x64
		{83771C84-8C8D-47ED-A298-352984BB4F0C}.Release|x64.Build.0 = Release|x64
		{83771C84-8C8D-47ED-A298-352984BB4F0C}.Release|x86.ActiveCfg = Release|x86
		{83771C84-8C8D-47ED-A298-352984BB4F0C}.Release|x86.Build.0 = Release|x86
		{8C13581E-167C-4DCC-87D5-8EC318CFAD68}.AppStore|Any CPU.ActiveCfg = Release|Any CPU
		{8C13581E-167C-4DCC-87D5-8EC318CFAD68}.AppStore|Any CPU.Build.0 = Release|Any CPU
		{8C13581E-167C-4DCC-87D5-8EC318CFAD68}.AppStore|ARM.ActiveCfg = Release|Any CPU
		{8C13581E-167C-4DCC-87D5-8EC318CFAD68}.AppStore|ARM.Build.0 = Release|Any CPU
		{8C13581E-167C-4DCC-87D5-8EC318CFAD68}.AppStore|iPhone.ActiveCfg = Release|Any CPU
		{8C13581E-167C-4DCC-87D5-8EC318CFAD68}.AppStore|iPhone.Build.0 = Release|Any CPU
		{8C13581E-167C-4DCC-87D5-8EC318CFAD68}.AppStore|iPhoneSimulator.ActiveCfg = Release|Any CPU
		{8C13581E-167C-4DCC-87D5-8EC318CFAD68}.AppStore|iPhoneSimulator.Build.0 = Release|Any CPU
		{8C13581E-167C-4DCC-87D5-8EC318CFAD68}.AppStore|x64.ActiveCfg = Release|Any CPU
		{8C13581E-167C-4DCC-87D5-8EC318CFAD68}.AppStore|x64.Build.0 = Release|Any CPU
		{8C13581E-167C-4DCC-87D5-8EC318CFAD68}.AppStore|x86.ActiveCfg = Release|Any CPU
		{8C13581E-167C-4DCC-87D5-8EC318CFAD68}.AppStore|x86.Build.0 = Release|Any CPU
		{8C13581E-167C-4DCC-87D5-8EC318CFAD68}.Debug|Any CPU.ActiveCfg = Debug|Any CPU
		{8C13581E-167C-4DCC-87D5-8EC318CFAD68}.Debug|Any CPU.Build.0 = Debug|Any CPU
		{8C13581E-167C-4DCC-87D5-8EC318CFAD68}.Debug|ARM.ActiveCfg = Debug|Any CPU
		{8C13581E-167C-4DCC-87D5-8EC318CFAD68}.Debug|ARM.Build.0 = Debug|Any CPU
		{8C13581E-167C-4DCC-87D5-8EC318CFAD68}.Debug|iPhone.ActiveCfg = Debug|Any CPU
		{8C13581E-167C-4DCC-87D5-8EC318CFAD68}.Debug|iPhone.Build.0 = Debug|Any CPU
		{8C13581E-167C-4DCC-87D5-8EC318CFAD68}.Debug|iPhoneSimulator.ActiveCfg = Debug|Any CPU
		{8C13581E-167C-4DCC-87D5-8EC318CFAD68}.Debug|iPhoneSimulator.Build.0 = Debug|Any CPU
		{8C13581E-167C-4DCC-87D5-8EC318CFAD68}.Debug|x64.ActiveCfg = Debug|Any CPU
		{8C13581E-167C-4DCC-87D5-8EC318CFAD68}.Debug|x64.Build.0 = Debug|Any CPU
		{8C13581E-167C-4DCC-87D5-8EC318CFAD68}.Debug|x86.ActiveCfg = Debug|Any CPU
		{8C13581E-167C-4DCC-87D5-8EC318CFAD68}.Debug|x86.Build.0 = Debug|Any CPU
		{8C13581E-167C-4DCC-87D5-8EC318CFAD68}.Release|Any CPU.ActiveCfg = Release|Any CPU
		{8C13581E-167C-4DCC-87D5-8EC318CFAD68}.Release|Any CPU.Build.0 = Release|Any CPU
		{8C13581E-167C-4DCC-87D5-8EC318CFAD68}.Release|ARM.ActiveCfg = Release|Any CPU
		{8C13581E-167C-4DCC-87D5-8EC318CFAD68}.Release|ARM.Build.0 = Release|Any CPU
		{8C13581E-167C-4DCC-87D5-8EC318CFAD68}.Release|iPhone.ActiveCfg = Release|Any CPU
		{8C13581E-167C-4DCC-87D5-8EC318CFAD68}.Release|iPhone.Build.0 = Release|Any CPU
		{8C13581E-167C-4DCC-87D5-8EC318CFAD68}.Release|iPhoneSimulator.ActiveCfg = Release|Any CPU
		{8C13581E-167C-4DCC-87D5-8EC318CFAD68}.Release|iPhoneSimulator.Build.0 = Release|Any CPU
		{8C13581E-167C-4DCC-87D5-8EC318CFAD68}.Release|x64.ActiveCfg = Release|Any CPU
		{8C13581E-167C-4DCC-87D5-8EC318CFAD68}.Release|x64.Build.0 = Release|Any CPU
		{8C13581E-167C-4DCC-87D5-8EC318CFAD68}.Release|x86.ActiveCfg = Release|Any CPU
		{8C13581E-167C-4DCC-87D5-8EC318CFAD68}.Release|x86.Build.0 = Release|Any CPU
		{9402A0A0-5C25-4F82-978D-73FCEF6BAE84}.AppStore|Any CPU.ActiveCfg = Release|Any CPU
		{9402A0A0-5C25-4F82-978D-73FCEF6BAE84}.AppStore|Any CPU.Build.0 = Release|Any CPU
		{9402A0A0-5C25-4F82-978D-73FCEF6BAE84}.AppStore|ARM.ActiveCfg = Release|Any CPU
		{9402A0A0-5C25-4F82-978D-73FCEF6BAE84}.AppStore|ARM.Build.0 = Release|Any CPU
		{9402A0A0-5C25-4F82-978D-73FCEF6BAE84}.AppStore|iPhone.ActiveCfg = Release|Any CPU
		{9402A0A0-5C25-4F82-978D-73FCEF6BAE84}.AppStore|iPhone.Build.0 = Release|Any CPU
		{9402A0A0-5C25-4F82-978D-73FCEF6BAE84}.AppStore|iPhoneSimulator.ActiveCfg = Release|Any CPU
		{9402A0A0-5C25-4F82-978D-73FCEF6BAE84}.AppStore|iPhoneSimulator.Build.0 = Release|Any CPU
		{9402A0A0-5C25-4F82-978D-73FCEF6BAE84}.AppStore|x64.ActiveCfg = Release|Any CPU
		{9402A0A0-5C25-4F82-978D-73FCEF6BAE84}.AppStore|x64.Build.0 = Release|Any CPU
		{9402A0A0-5C25-4F82-978D-73FCEF6BAE84}.AppStore|x86.ActiveCfg = Release|Any CPU
		{9402A0A0-5C25-4F82-978D-73FCEF6BAE84}.AppStore|x86.Build.0 = Release|Any CPU
		{9402A0A0-5C25-4F82-978D-73FCEF6BAE84}.Debug|Any CPU.ActiveCfg = Debug|Any CPU
		{9402A0A0-5C25-4F82-978D-73FCEF6BAE84}.Debug|Any CPU.Build.0 = Debug|Any CPU
		{9402A0A0-5C25-4F82-978D-73FCEF6BAE84}.Debug|ARM.ActiveCfg = Debug|Any CPU
		{9402A0A0-5C25-4F82-978D-73FCEF6BAE84}.Debug|ARM.Build.0 = Debug|Any CPU
		{9402A0A0-5C25-4F82-978D-73FCEF6BAE84}.Debug|iPhone.ActiveCfg = Debug|Any CPU
		{9402A0A0-5C25-4F82-978D-73FCEF6BAE84}.Debug|iPhone.Build.0 = Debug|Any CPU
		{9402A0A0-5C25-4F82-978D-73FCEF6BAE84}.Debug|iPhoneSimulator.ActiveCfg = Debug|Any CPU
		{9402A0A0-5C25-4F82-978D-73FCEF6BAE84}.Debug|iPhoneSimulator.Build.0 = Debug|Any CPU
		{9402A0A0-5C25-4F82-978D-73FCEF6BAE84}.Debug|x64.ActiveCfg = Debug|Any CPU
		{9402A0A0-5C25-4F82-978D-73FCEF6BAE84}.Debug|x64.Build.0 = Debug|Any CPU
		{9402A0A0-5C25-4F82-978D-73FCEF6BAE84}.Debug|x86.ActiveCfg = Debug|Any CPU
		{9402A0A0-5C25-4F82-978D-73FCEF6BAE84}.Debug|x86.Build.0 = Debug|Any CPU
		{9402A0A0-5C25-4F82-978D-73FCEF6BAE84}.Release|Any CPU.ActiveCfg = Release|Any CPU
		{9402A0A0-5C25-4F82-978D-73FCEF6BAE84}.Release|Any CPU.Build.0 = Release|Any CPU
		{9402A0A0-5C25-4F82-978D-73FCEF6BAE84}.Release|ARM.ActiveCfg = Release|Any CPU
		{9402A0A0-5C25-4F82-978D-73FCEF6BAE84}.Release|ARM.Build.0 = Release|Any CPU
		{9402A0A0-5C25-4F82-978D-73FCEF6BAE84}.Release|iPhone.ActiveCfg = Release|Any CPU
		{9402A0A0-5C25-4F82-978D-73FCEF6BAE84}.Release|iPhone.Build.0 = Release|Any CPU
		{9402A0A0-5C25-4F82-978D-73FCEF6BAE84}.Release|iPhoneSimulator.ActiveCfg = Release|Any CPU
		{9402A0A0-5C25-4F82-978D-73FCEF6BAE84}.Release|iPhoneSimulator.Build.0 = Release|Any CPU
		{9402A0A0-5C25-4F82-978D-73FCEF6BAE84}.Release|x64.ActiveCfg = Release|Any CPU
		{9402A0A0-5C25-4F82-978D-73FCEF6BAE84}.Release|x64.Build.0 = Release|Any CPU
		{9402A0A0-5C25-4F82-978D-73FCEF6BAE84}.Release|x86.ActiveCfg = Release|Any CPU
		{9402A0A0-5C25-4F82-978D-73FCEF6BAE84}.Release|x86.Build.0 = Release|Any CPU
		{F98E8635-1C70-4731-AB56-E11B4D722D3B}.AppStore|Any CPU.ActiveCfg = Release|Any CPU
		{F98E8635-1C70-4731-AB56-E11B4D722D3B}.AppStore|Any CPU.Build.0 = Release|Any CPU
		{F98E8635-1C70-4731-AB56-E11B4D722D3B}.AppStore|ARM.ActiveCfg = Release|Any CPU
		{F98E8635-1C70-4731-AB56-E11B4D722D3B}.AppStore|ARM.Build.0 = Release|Any CPU
		{F98E8635-1C70-4731-AB56-E11B4D722D3B}.AppStore|iPhone.ActiveCfg = Release|Any CPU
		{F98E8635-1C70-4731-AB56-E11B4D722D3B}.AppStore|iPhone.Build.0 = Release|Any CPU
		{F98E8635-1C70-4731-AB56-E11B4D722D3B}.AppStore|iPhoneSimulator.ActiveCfg = Release|Any CPU
		{F98E8635-1C70-4731-AB56-E11B4D722D3B}.AppStore|iPhoneSimulator.Build.0 = Release|Any CPU
		{F98E8635-1C70-4731-AB56-E11B4D722D3B}.AppStore|x64.ActiveCfg = Release|Any CPU
		{F98E8635-1C70-4731-AB56-E11B4D722D3B}.AppStore|x64.Build.0 = Release|Any CPU
		{F98E8635-1C70-4731-AB56-E11B4D722D3B}.AppStore|x86.ActiveCfg = Release|Any CPU
		{F98E8635-1C70-4731-AB56-E11B4D722D3B}.AppStore|x86.Build.0 = Release|Any CPU
		{F98E8635-1C70-4731-AB56-E11B4D722D3B}.Debug|Any CPU.ActiveCfg = Debug|Any CPU
		{F98E8635-1C70-4731-AB56-E11B4D722D3B}.Debug|Any CPU.Build.0 = Debug|Any CPU
		{F98E8635-1C70-4731-AB56-E11B4D722D3B}.Debug|ARM.ActiveCfg = Debug|Any CPU
		{F98E8635-1C70-4731-AB56-E11B4D722D3B}.Debug|ARM.Build.0 = Debug|Any CPU
		{F98E8635-1C70-4731-AB56-E11B4D722D3B}.Debug|iPhone.ActiveCfg = Debug|Any CPU
		{F98E8635-1C70-4731-AB56-E11B4D722D3B}.Debug|iPhone.Build.0 = Debug|Any CPU
		{F98E8635-1C70-4731-AB56-E11B4D722D3B}.Debug|iPhoneSimulator.ActiveCfg = Debug|Any CPU
		{F98E8635-1C70-4731-AB56-E11B4D722D3B}.Debug|iPhoneSimulator.Build.0 = Debug|Any CPU
		{F98E8635-1C70-4731-AB56-E11B4D722D3B}.Debug|x64.ActiveCfg = Debug|Any CPU
		{F98E8635-1C70-4731-AB56-E11B4D722D3B}.Debug|x64.Build.0 = Debug|Any CPU
		{F98E8635-1C70-4731-AB56-E11B4D722D3B}.Debug|x86.ActiveCfg = Debug|Any CPU
		{F98E8635-1C70-4731-AB56-E11B4D722D3B}.Debug|x86.Build.0 = Debug|Any CPU
		{F98E8635-1C70-4731-AB56-E11B4D722D3B}.Release|Any CPU.ActiveCfg = Release|Any CPU
		{F98E8635-1C70-4731-AB56-E11B4D722D3B}.Release|Any CPU.Build.0 = Release|Any CPU
		{F98E8635-1C70-4731-AB56-E11B4D722D3B}.Release|ARM.ActiveCfg = Release|Any CPU
		{F98E8635-1C70-4731-AB56-E11B4D722D3B}.Release|ARM.Build.0 = Release|Any CPU
		{F98E8635-1C70-4731-AB56-E11B4D722D3B}.Release|iPhone.ActiveCfg = Release|Any CPU
		{F98E8635-1C70-4731-AB56-E11B4D722D3B}.Release|iPhone.Build.0 = Release|Any CPU
		{F98E8635-1C70-4731-AB56-E11B4D722D3B}.Release|iPhoneSimulator.ActiveCfg = Release|Any CPU
		{F98E8635-1C70-4731-AB56-E11B4D722D3B}.Release|iPhoneSimulator.Build.0 = Release|Any CPU
		{F98E8635-1C70-4731-AB56-E11B4D722D3B}.Release|x64.ActiveCfg = Release|Any CPU
		{F98E8635-1C70-4731-AB56-E11B4D722D3B}.Release|x64.Build.0 = Release|Any CPU
		{F98E8635-1C70-4731-AB56-E11B4D722D3B}.Release|x86.ActiveCfg = Release|Any CPU
		{F98E8635-1C70-4731-AB56-E11B4D722D3B}.Release|x86.Build.0 = Release|Any CPU
		{8CDB9BAB-6156-4BB0-A62D-BC5B7FCD21D7}.AppStore|Any CPU.ActiveCfg = Release|Any CPU
		{8CDB9BAB-6156-4BB0-A62D-BC5B7FCD21D7}.AppStore|Any CPU.Build.0 = Release|Any CPU
		{8CDB9BAB-6156-4BB0-A62D-BC5B7FCD21D7}.AppStore|ARM.ActiveCfg = Release|Any CPU
		{8CDB9BAB-6156-4BB0-A62D-BC5B7FCD21D7}.AppStore|ARM.Build.0 = Release|Any CPU
		{8CDB9BAB-6156-4BB0-A62D-BC5B7FCD21D7}.AppStore|iPhone.ActiveCfg = Release|Any CPU
		{8CDB9BAB-6156-4BB0-A62D-BC5B7FCD21D7}.AppStore|iPhone.Build.0 = Release|Any CPU
		{8CDB9BAB-6156-4BB0-A62D-BC5B7FCD21D7}.AppStore|iPhoneSimulator.ActiveCfg = Release|Any CPU
		{8CDB9BAB-6156-4BB0-A62D-BC5B7FCD21D7}.AppStore|iPhoneSimulator.Build.0 = Release|Any CPU
		{8CDB9BAB-6156-4BB0-A62D-BC5B7FCD21D7}.AppStore|x64.ActiveCfg = Release|Any CPU
		{8CDB9BAB-6156-4BB0-A62D-BC5B7FCD21D7}.AppStore|x64.Build.0 = Release|Any CPU
		{8CDB9BAB-6156-4BB0-A62D-BC5B7FCD21D7}.AppStore|x86.ActiveCfg = Release|Any CPU
		{8CDB9BAB-6156-4BB0-A62D-BC5B7FCD21D7}.AppStore|x86.Build.0 = Release|Any CPU
		{8CDB9BAB-6156-4BB0-A62D-BC5B7FCD21D7}.Debug|Any CPU.ActiveCfg = Debug|Any CPU
		{8CDB9BAB-6156-4BB0-A62D-BC5B7FCD21D7}.Debug|Any CPU.Build.0 = Debug|Any CPU
		{8CDB9BAB-6156-4BB0-A62D-BC5B7FCD21D7}.Debug|ARM.ActiveCfg = Debug|Any CPU
		{8CDB9BAB-6156-4BB0-A62D-BC5B7FCD21D7}.Debug|ARM.Build.0 = Debug|Any CPU
		{8CDB9BAB-6156-4BB0-A62D-BC5B7FCD21D7}.Debug|iPhone.ActiveCfg = Debug|Any CPU
		{8CDB9BAB-6156-4BB0-A62D-BC5B7FCD21D7}.Debug|iPhone.Build.0 = Debug|Any CPU
		{8CDB9BAB-6156-4BB0-A62D-BC5B7FCD21D7}.Debug|iPhoneSimulator.ActiveCfg = Debug|Any CPU
		{8CDB9BAB-6156-4BB0-A62D-BC5B7FCD21D7}.Debug|iPhoneSimulator.Build.0 = Debug|Any CPU
		{8CDB9BAB-6156-4BB0-A62D-BC5B7FCD21D7}.Debug|x64.ActiveCfg = Debug|Any CPU
		{8CDB9BAB-6156-4BB0-A62D-BC5B7FCD21D7}.Debug|x64.Build.0 = Debug|Any CPU
		{8CDB9BAB-6156-4BB0-A62D-BC5B7FCD21D7}.Debug|x86.ActiveCfg = Debug|Any CPU
		{8CDB9BAB-6156-4BB0-A62D-BC5B7FCD21D7}.Debug|x86.Build.0 = Debug|Any CPU
		{8CDB9BAB-6156-4BB0-A62D-BC5B7FCD21D7}.Release|Any CPU.ActiveCfg = Release|Any CPU
		{8CDB9BAB-6156-4BB0-A62D-BC5B7FCD21D7}.Release|Any CPU.Build.0 = Release|Any CPU
		{8CDB9BAB-6156-4BB0-A62D-BC5B7FCD21D7}.Release|ARM.ActiveCfg = Release|Any CPU
		{8CDB9BAB-6156-4BB0-A62D-BC5B7FCD21D7}.Release|ARM.Build.0 = Release|Any CPU
		{8CDB9BAB-6156-4BB0-A62D-BC5B7FCD21D7}.Release|iPhone.ActiveCfg = Release|Any CPU
		{8CDB9BAB-6156-4BB0-A62D-BC5B7FCD21D7}.Release|iPhone.Build.0 = Release|Any CPU
		{8CDB9BAB-6156-4BB0-A62D-BC5B7FCD21D7}.Release|iPhoneSimulator.ActiveCfg = Release|Any CPU
		{8CDB9BAB-6156-4BB0-A62D-BC5B7FCD21D7}.Release|iPhoneSimulator.Build.0 = Release|Any CPU
		{8CDB9BAB-6156-4BB0-A62D-BC5B7FCD21D7}.Release|x64.ActiveCfg = Release|Any CPU
		{8CDB9BAB-6156-4BB0-A62D-BC5B7FCD21D7}.Release|x64.Build.0 = Release|Any CPU
		{8CDB9BAB-6156-4BB0-A62D-BC5B7FCD21D7}.Release|x86.ActiveCfg = Release|Any CPU
		{8CDB9BAB-6156-4BB0-A62D-BC5B7FCD21D7}.Release|x86.Build.0 = Release|Any CPU
		{E89BCC1C-CE0B-491D-B221-3C6AB26EEED0}.AppStore|Any CPU.ActiveCfg = Release|Any CPU
		{E89BCC1C-CE0B-491D-B221-3C6AB26EEED0}.AppStore|Any CPU.Build.0 = Release|Any CPU
		{E89BCC1C-CE0B-491D-B221-3C6AB26EEED0}.AppStore|ARM.ActiveCfg = Release|Any CPU
		{E89BCC1C-CE0B-491D-B221-3C6AB26EEED0}.AppStore|ARM.Build.0 = Release|Any CPU
		{E89BCC1C-CE0B-491D-B221-3C6AB26EEED0}.AppStore|iPhone.ActiveCfg = Release|Any CPU
		{E89BCC1C-CE0B-491D-B221-3C6AB26EEED0}.AppStore|iPhone.Build.0 = Release|Any CPU
		{E89BCC1C-CE0B-491D-B221-3C6AB26EEED0}.AppStore|iPhoneSimulator.ActiveCfg = Release|Any CPU
		{E89BCC1C-CE0B-491D-B221-3C6AB26EEED0}.AppStore|iPhoneSimulator.Build.0 = Release|Any CPU
		{E89BCC1C-CE0B-491D-B221-3C6AB26EEED0}.AppStore|x64.ActiveCfg = Release|Any CPU
		{E89BCC1C-CE0B-491D-B221-3C6AB26EEED0}.AppStore|x64.Build.0 = Release|Any CPU
		{E89BCC1C-CE0B-491D-B221-3C6AB26EEED0}.AppStore|x86.ActiveCfg = Release|Any CPU
		{E89BCC1C-CE0B-491D-B221-3C6AB26EEED0}.AppStore|x86.Build.0 = Release|Any CPU
		{E89BCC1C-CE0B-491D-B221-3C6AB26EEED0}.Debug|Any CPU.ActiveCfg = Debug|Any CPU
		{E89BCC1C-CE0B-491D-B221-3C6AB26EEED0}.Debug|Any CPU.Build.0 = Debug|Any CPU
		{E89BCC1C-CE0B-491D-B221-3C6AB26EEED0}.Debug|ARM.ActiveCfg = Debug|Any CPU
		{E89BCC1C-CE0B-491D-B221-3C6AB26EEED0}.Debug|ARM.Build.0 = Debug|Any CPU
		{E89BCC1C-CE0B-491D-B221-3C6AB26EEED0}.Debug|iPhone.ActiveCfg = Debug|Any CPU
		{E89BCC1C-CE0B-491D-B221-3C6AB26EEED0}.Debug|iPhone.Build.0 = Debug|Any CPU
		{E89BCC1C-CE0B-491D-B221-3C6AB26EEED0}.Debug|iPhoneSimulator.ActiveCfg = Debug|Any CPU
		{E89BCC1C-CE0B-491D-B221-3C6AB26EEED0}.Debug|iPhoneSimulator.Build.0 = Debug|Any CPU
		{E89BCC1C-CE0B-491D-B221-3C6AB26EEED0}.Debug|x64.ActiveCfg = Debug|Any CPU
		{E89BCC1C-CE0B-491D-B221-3C6AB26EEED0}.Debug|x64.Build.0 = Debug|Any CPU
		{E89BCC1C-CE0B-491D-B221-3C6AB26EEED0}.Debug|x86.ActiveCfg = Debug|Any CPU
		{E89BCC1C-CE0B-491D-B221-3C6AB26EEED0}.Debug|x86.Build.0 = Debug|Any CPU
		{E89BCC1C-CE0B-491D-B221-3C6AB26EEED0}.Release|Any CPU.ActiveCfg = Release|Any CPU
		{E89BCC1C-CE0B-491D-B221-3C6AB26EEED0}.Release|Any CPU.Build.0 = Release|Any CPU
		{E89BCC1C-CE0B-491D-B221-3C6AB26EEED0}.Release|ARM.ActiveCfg = Release|Any CPU
		{E89BCC1C-CE0B-491D-B221-3C6AB26EEED0}.Release|ARM.Build.0 = Release|Any CPU
		{E89BCC1C-CE0B-491D-B221-3C6AB26EEED0}.Release|iPhone.ActiveCfg = Release|Any CPU
		{E89BCC1C-CE0B-491D-B221-3C6AB26EEED0}.Release|iPhone.Build.0 = Release|Any CPU
		{E89BCC1C-CE0B-491D-B221-3C6AB26EEED0}.Release|iPhoneSimulator.ActiveCfg = Release|Any CPU
		{E89BCC1C-CE0B-491D-B221-3C6AB26EEED0}.Release|iPhoneSimulator.Build.0 = Release|Any CPU
		{E89BCC1C-CE0B-491D-B221-3C6AB26EEED0}.Release|x64.ActiveCfg = Release|Any CPU
		{E89BCC1C-CE0B-491D-B221-3C6AB26EEED0}.Release|x64.Build.0 = Release|Any CPU
		{E89BCC1C-CE0B-491D-B221-3C6AB26EEED0}.Release|x86.ActiveCfg = Release|Any CPU
		{E89BCC1C-CE0B-491D-B221-3C6AB26EEED0}.Release|x86.Build.0 = Release|Any CPU
		{67C8EBFB-95B5-471F-BD80-523B5184E9DD}.AppStore|Any CPU.ActiveCfg = Release|Any CPU
		{67C8EBFB-95B5-471F-BD80-523B5184E9DD}.AppStore|Any CPU.Build.0 = Release|Any CPU
		{67C8EBFB-95B5-471F-BD80-523B5184E9DD}.AppStore|ARM.ActiveCfg = Release|Any CPU
		{67C8EBFB-95B5-471F-BD80-523B5184E9DD}.AppStore|ARM.Build.0 = Release|Any CPU
		{67C8EBFB-95B5-471F-BD80-523B5184E9DD}.AppStore|iPhone.ActiveCfg = Release|Any CPU
		{67C8EBFB-95B5-471F-BD80-523B5184E9DD}.AppStore|iPhone.Build.0 = Release|Any CPU
		{67C8EBFB-95B5-471F-BD80-523B5184E9DD}.AppStore|iPhoneSimulator.ActiveCfg = Release|Any CPU
		{67C8EBFB-95B5-471F-BD80-523B5184E9DD}.AppStore|iPhoneSimulator.Build.0 = Release|Any CPU
		{67C8EBFB-95B5-471F-BD80-523B5184E9DD}.AppStore|x64.ActiveCfg = Release|Any CPU
		{67C8EBFB-95B5-471F-BD80-523B5184E9DD}.AppStore|x64.Build.0 = Release|Any CPU
		{67C8EBFB-95B5-471F-BD80-523B5184E9DD}.AppStore|x86.ActiveCfg = Release|Any CPU
		{67C8EBFB-95B5-471F-BD80-523B5184E9DD}.AppStore|x86.Build.0 = Release|Any CPU
		{67C8EBFB-95B5-471F-BD80-523B5184E9DD}.Debug|Any CPU.ActiveCfg = Debug|Any CPU
		{67C8EBFB-95B5-471F-BD80-523B5184E9DD}.Debug|Any CPU.Build.0 = Debug|Any CPU
		{67C8EBFB-95B5-471F-BD80-523B5184E9DD}.Debug|ARM.ActiveCfg = Debug|Any CPU
		{67C8EBFB-95B5-471F-BD80-523B5184E9DD}.Debug|ARM.Build.0 = Debug|Any CPU
		{67C8EBFB-95B5-471F-BD80-523B5184E9DD}.Debug|iPhone.ActiveCfg = Debug|Any CPU
		{67C8EBFB-95B5-471F-BD80-523B5184E9DD}.Debug|iPhone.Build.0 = Debug|Any CPU
		{67C8EBFB-95B5-471F-BD80-523B5184E9DD}.Debug|iPhoneSimulator.ActiveCfg = Debug|Any CPU
		{67C8EBFB-95B5-471F-BD80-523B5184E9DD}.Debug|iPhoneSimulator.Build.0 = Debug|Any CPU
		{67C8EBFB-95B5-471F-BD80-523B5184E9DD}.Debug|x64.ActiveCfg = Debug|Any CPU
		{67C8EBFB-95B5-471F-BD80-523B5184E9DD}.Debug|x64.Build.0 = Debug|Any CPU
		{67C8EBFB-95B5-471F-BD80-523B5184E9DD}.Debug|x86.ActiveCfg = Debug|Any CPU
		{67C8EBFB-95B5-471F-BD80-523B5184E9DD}.Debug|x86.Build.0 = Debug|Any CPU
		{67C8EBFB-95B5-471F-BD80-523B5184E9DD}.Release|Any CPU.ActiveCfg = Release|Any CPU
		{67C8EBFB-95B5-471F-BD80-523B5184E9DD}.Release|Any CPU.Build.0 = Release|Any CPU
		{67C8EBFB-95B5-471F-BD80-523B5184E9DD}.Release|ARM.ActiveCfg = Release|Any CPU
		{67C8EBFB-95B5-471F-BD80-523B5184E9DD}.Release|ARM.Build.0 = Release|Any CPU
		{67C8EBFB-95B5-471F-BD80-523B5184E9DD}.Release|iPhone.ActiveCfg = Release|Any CPU
		{67C8EBFB-95B5-471F-BD80-523B5184E9DD}.Release|iPhone.Build.0 = Release|Any CPU
		{67C8EBFB-95B5-471F-BD80-523B5184E9DD}.Release|iPhoneSimulator.ActiveCfg = Release|Any CPU
		{67C8EBFB-95B5-471F-BD80-523B5184E9DD}.Release|iPhoneSimulator.Build.0 = Release|Any CPU
		{67C8EBFB-95B5-471F-BD80-523B5184E9DD}.Release|x64.ActiveCfg = Release|Any CPU
		{67C8EBFB-95B5-471F-BD80-523B5184E9DD}.Release|x64.Build.0 = Release|Any CPU
		{67C8EBFB-95B5-471F-BD80-523B5184E9DD}.Release|x86.ActiveCfg = Release|Any CPU
		{67C8EBFB-95B5-471F-BD80-523B5184E9DD}.Release|x86.Build.0 = Release|Any CPU
		{FE0CA546-9123-41C4-8913-74F196AFB9BD}.AppStore|Any CPU.ActiveCfg = Release|Any CPU
		{FE0CA546-9123-41C4-8913-74F196AFB9BD}.AppStore|Any CPU.Build.0 = Release|Any CPU
		{FE0CA546-9123-41C4-8913-74F196AFB9BD}.AppStore|ARM.ActiveCfg = Release|Any CPU
		{FE0CA546-9123-41C4-8913-74F196AFB9BD}.AppStore|ARM.Build.0 = Release|Any CPU
		{FE0CA546-9123-41C4-8913-74F196AFB9BD}.AppStore|iPhone.ActiveCfg = Release|Any CPU
		{FE0CA546-9123-41C4-8913-74F196AFB9BD}.AppStore|iPhone.Build.0 = Release|Any CPU
		{FE0CA546-9123-41C4-8913-74F196AFB9BD}.AppStore|iPhoneSimulator.ActiveCfg = Release|Any CPU
		{FE0CA546-9123-41C4-8913-74F196AFB9BD}.AppStore|iPhoneSimulator.Build.0 = Release|Any CPU
		{FE0CA546-9123-41C4-8913-74F196AFB9BD}.AppStore|x64.ActiveCfg = Release|Any CPU
		{FE0CA546-9123-41C4-8913-74F196AFB9BD}.AppStore|x64.Build.0 = Release|Any CPU
		{FE0CA546-9123-41C4-8913-74F196AFB9BD}.AppStore|x86.ActiveCfg = Release|Any CPU
		{FE0CA546-9123-41C4-8913-74F196AFB9BD}.AppStore|x86.Build.0 = Release|Any CPU
		{FE0CA546-9123-41C4-8913-74F196AFB9BD}.Debug|Any CPU.ActiveCfg = Debug|Any CPU
		{FE0CA546-9123-41C4-8913-74F196AFB9BD}.Debug|Any CPU.Build.0 = Debug|Any CPU
		{FE0CA546-9123-41C4-8913-74F196AFB9BD}.Debug|ARM.ActiveCfg = Debug|Any CPU
		{FE0CA546-9123-41C4-8913-74F196AFB9BD}.Debug|ARM.Build.0 = Debug|Any CPU
		{FE0CA546-9123-41C4-8913-74F196AFB9BD}.Debug|iPhone.ActiveCfg = Debug|Any CPU
		{FE0CA546-9123-41C4-8913-74F196AFB9BD}.Debug|iPhone.Build.0 = Debug|Any CPU
		{FE0CA546-9123-41C4-8913-74F196AFB9BD}.Debug|iPhoneSimulator.ActiveCfg = Debug|Any CPU
		{FE0CA546-9123-41C4-8913-74F196AFB9BD}.Debug|iPhoneSimulator.Build.0 = Debug|Any CPU
		{FE0CA546-9123-41C4-8913-74F196AFB9BD}.Debug|x64.ActiveCfg = Debug|Any CPU
		{FE0CA546-9123-41C4-8913-74F196AFB9BD}.Debug|x64.Build.0 = Debug|Any CPU
		{FE0CA546-9123-41C4-8913-74F196AFB9BD}.Debug|x86.ActiveCfg = Debug|Any CPU
		{FE0CA546-9123-41C4-8913-74F196AFB9BD}.Debug|x86.Build.0 = Debug|Any CPU
		{FE0CA546-9123-41C4-8913-74F196AFB9BD}.Release|Any CPU.ActiveCfg = Release|Any CPU
		{FE0CA546-9123-41C4-8913-74F196AFB9BD}.Release|Any CPU.Build.0 = Release|Any CPU
		{FE0CA546-9123-41C4-8913-74F196AFB9BD}.Release|ARM.ActiveCfg = Release|Any CPU
		{FE0CA546-9123-41C4-8913-74F196AFB9BD}.Release|ARM.Build.0 = Release|Any CPU
		{FE0CA546-9123-41C4-8913-74F196AFB9BD}.Release|iPhone.ActiveCfg = Release|Any CPU
		{FE0CA546-9123-41C4-8913-74F196AFB9BD}.Release|iPhone.Build.0 = Release|Any CPU
		{FE0CA546-9123-41C4-8913-74F196AFB9BD}.Release|iPhoneSimulator.ActiveCfg = Release|Any CPU
		{FE0CA546-9123-41C4-8913-74F196AFB9BD}.Release|iPhoneSimulator.Build.0 = Release|Any CPU
		{FE0CA546-9123-41C4-8913-74F196AFB9BD}.Release|x64.ActiveCfg = Release|Any CPU
		{FE0CA546-9123-41C4-8913-74F196AFB9BD}.Release|x64.Build.0 = Release|Any CPU
		{FE0CA546-9123-41C4-8913-74F196AFB9BD}.Release|x86.ActiveCfg = Release|Any CPU
		{FE0CA546-9123-41C4-8913-74F196AFB9BD}.Release|x86.Build.0 = Release|Any CPU
		{5731CBE5-7E8B-4F97-B45D-7BBDE1067554}.AppStore|Any CPU.ActiveCfg = Release|Any CPU
		{5731CBE5-7E8B-4F97-B45D-7BBDE1067554}.AppStore|Any CPU.Build.0 = Release|Any CPU
		{5731CBE5-7E8B-4F97-B45D-7BBDE1067554}.AppStore|ARM.ActiveCfg = Release|ARM
		{5731CBE5-7E8B-4F97-B45D-7BBDE1067554}.AppStore|ARM.Build.0 = Release|ARM
		{5731CBE5-7E8B-4F97-B45D-7BBDE1067554}.AppStore|iPhone.ActiveCfg = Release|Any CPU
		{5731CBE5-7E8B-4F97-B45D-7BBDE1067554}.AppStore|iPhone.Build.0 = Release|Any CPU
		{5731CBE5-7E8B-4F97-B45D-7BBDE1067554}.AppStore|iPhoneSimulator.ActiveCfg = Release|Any CPU
		{5731CBE5-7E8B-4F97-B45D-7BBDE1067554}.AppStore|iPhoneSimulator.Build.0 = Release|Any CPU
		{5731CBE5-7E8B-4F97-B45D-7BBDE1067554}.AppStore|x64.ActiveCfg = Release|x64
		{5731CBE5-7E8B-4F97-B45D-7BBDE1067554}.AppStore|x64.Build.0 = Release|x64
		{5731CBE5-7E8B-4F97-B45D-7BBDE1067554}.AppStore|x86.ActiveCfg = Release|x86
		{5731CBE5-7E8B-4F97-B45D-7BBDE1067554}.AppStore|x86.Build.0 = Release|x86
		{5731CBE5-7E8B-4F97-B45D-7BBDE1067554}.Debug|Any CPU.ActiveCfg = Debug|Any CPU
		{5731CBE5-7E8B-4F97-B45D-7BBDE1067554}.Debug|Any CPU.Build.0 = Debug|Any CPU
		{5731CBE5-7E8B-4F97-B45D-7BBDE1067554}.Debug|ARM.ActiveCfg = Debug|ARM
		{5731CBE5-7E8B-4F97-B45D-7BBDE1067554}.Debug|ARM.Build.0 = Debug|ARM
		{5731CBE5-7E8B-4F97-B45D-7BBDE1067554}.Debug|iPhone.ActiveCfg = Debug|Any CPU
		{5731CBE5-7E8B-4F97-B45D-7BBDE1067554}.Debug|iPhone.Build.0 = Debug|Any CPU
		{5731CBE5-7E8B-4F97-B45D-7BBDE1067554}.Debug|iPhoneSimulator.ActiveCfg = Debug|Any CPU
		{5731CBE5-7E8B-4F97-B45D-7BBDE1067554}.Debug|iPhoneSimulator.Build.0 = Debug|Any CPU
		{5731CBE5-7E8B-4F97-B45D-7BBDE1067554}.Debug|x64.ActiveCfg = Debug|x64
		{5731CBE5-7E8B-4F97-B45D-7BBDE1067554}.Debug|x64.Build.0 = Debug|x64
		{5731CBE5-7E8B-4F97-B45D-7BBDE1067554}.Debug|x86.ActiveCfg = Debug|x86
		{5731CBE5-7E8B-4F97-B45D-7BBDE1067554}.Debug|x86.Build.0 = Debug|x86
		{5731CBE5-7E8B-4F97-B45D-7BBDE1067554}.Release|Any CPU.ActiveCfg = Release|Any CPU
		{5731CBE5-7E8B-4F97-B45D-7BBDE1067554}.Release|Any CPU.Build.0 = Release|Any CPU
		{5731CBE5-7E8B-4F97-B45D-7BBDE1067554}.Release|ARM.ActiveCfg = Release|ARM
		{5731CBE5-7E8B-4F97-B45D-7BBDE1067554}.Release|ARM.Build.0 = Release|ARM
		{5731CBE5-7E8B-4F97-B45D-7BBDE1067554}.Release|iPhone.ActiveCfg = Release|Any CPU
		{5731CBE5-7E8B-4F97-B45D-7BBDE1067554}.Release|iPhone.Build.0 = Release|Any CPU
		{5731CBE5-7E8B-4F97-B45D-7BBDE1067554}.Release|iPhoneSimulator.ActiveCfg = Release|Any CPU
		{5731CBE5-7E8B-4F97-B45D-7BBDE1067554}.Release|iPhoneSimulator.Build.0 = Release|Any CPU
		{5731CBE5-7E8B-4F97-B45D-7BBDE1067554}.Release|x64.ActiveCfg = Release|x64
		{5731CBE5-7E8B-4F97-B45D-7BBDE1067554}.Release|x64.Build.0 = Release|x64
		{5731CBE5-7E8B-4F97-B45D-7BBDE1067554}.Release|x86.ActiveCfg = Release|x86
		{5731CBE5-7E8B-4F97-B45D-7BBDE1067554}.Release|x86.Build.0 = Release|x86
		{98B839A7-132D-4B0A-B9A8-DA4C44D2DE29}.AppStore|Any CPU.ActiveCfg = Release|Any CPU
		{98B839A7-132D-4B0A-B9A8-DA4C44D2DE29}.AppStore|Any CPU.Build.0 = Release|Any CPU
		{98B839A7-132D-4B0A-B9A8-DA4C44D2DE29}.AppStore|ARM.ActiveCfg = Release|Any CPU
		{98B839A7-132D-4B0A-B9A8-DA4C44D2DE29}.AppStore|ARM.Build.0 = Release|Any CPU
		{98B839A7-132D-4B0A-B9A8-DA4C44D2DE29}.AppStore|iPhone.ActiveCfg = Release|Any CPU
		{98B839A7-132D-4B0A-B9A8-DA4C44D2DE29}.AppStore|iPhone.Build.0 = Release|Any CPU
		{98B839A7-132D-4B0A-B9A8-DA4C44D2DE29}.AppStore|iPhoneSimulator.ActiveCfg = Release|Any CPU
		{98B839A7-132D-4B0A-B9A8-DA4C44D2DE29}.AppStore|iPhoneSimulator.Build.0 = Release|Any CPU
		{98B839A7-132D-4B0A-B9A8-DA4C44D2DE29}.AppStore|x64.ActiveCfg = Release|Any CPU
		{98B839A7-132D-4B0A-B9A8-DA4C44D2DE29}.AppStore|x64.Build.0 = Release|Any CPU
		{98B839A7-132D-4B0A-B9A8-DA4C44D2DE29}.AppStore|x86.ActiveCfg = Release|Any CPU
		{98B839A7-132D-4B0A-B9A8-DA4C44D2DE29}.AppStore|x86.Build.0 = Release|Any CPU
		{98B839A7-132D-4B0A-B9A8-DA4C44D2DE29}.Debug|Any CPU.ActiveCfg = Debug|Any CPU
		{98B839A7-132D-4B0A-B9A8-DA4C44D2DE29}.Debug|Any CPU.Build.0 = Debug|Any CPU
		{98B839A7-132D-4B0A-B9A8-DA4C44D2DE29}.Debug|ARM.ActiveCfg = Debug|Any CPU
		{98B839A7-132D-4B0A-B9A8-DA4C44D2DE29}.Debug|ARM.Build.0 = Debug|Any CPU
		{98B839A7-132D-4B0A-B9A8-DA4C44D2DE29}.Debug|iPhone.ActiveCfg = Debug|Any CPU
		{98B839A7-132D-4B0A-B9A8-DA4C44D2DE29}.Debug|iPhone.Build.0 = Debug|Any CPU
		{98B839A7-132D-4B0A-B9A8-DA4C44D2DE29}.Debug|iPhoneSimulator.ActiveCfg = Debug|Any CPU
		{98B839A7-132D-4B0A-B9A8-DA4C44D2DE29}.Debug|iPhoneSimulator.Build.0 = Debug|Any CPU
		{98B839A7-132D-4B0A-B9A8-DA4C44D2DE29}.Debug|x64.ActiveCfg = Debug|Any CPU
		{98B839A7-132D-4B0A-B9A8-DA4C44D2DE29}.Debug|x64.Build.0 = Debug|Any CPU
		{98B839A7-132D-4B0A-B9A8-DA4C44D2DE29}.Debug|x86.ActiveCfg = Debug|Any CPU
		{98B839A7-132D-4B0A-B9A8-DA4C44D2DE29}.Debug|x86.Build.0 = Debug|Any CPU
		{98B839A7-132D-4B0A-B9A8-DA4C44D2DE29}.Release|Any CPU.ActiveCfg = Release|Any CPU
		{98B839A7-132D-4B0A-B9A8-DA4C44D2DE29}.Release|Any CPU.Build.0 = Release|Any CPU
		{98B839A7-132D-4B0A-B9A8-DA4C44D2DE29}.Release|ARM.ActiveCfg = Release|Any CPU
		{98B839A7-132D-4B0A-B9A8-DA4C44D2DE29}.Release|ARM.Build.0 = Release|Any CPU
		{98B839A7-132D-4B0A-B9A8-DA4C44D2DE29}.Release|iPhone.ActiveCfg = Release|Any CPU
		{98B839A7-132D-4B0A-B9A8-DA4C44D2DE29}.Release|iPhone.Build.0 = Release|Any CPU
		{98B839A7-132D-4B0A-B9A8-DA4C44D2DE29}.Release|iPhoneSimulator.ActiveCfg = Release|Any CPU
		{98B839A7-132D-4B0A-B9A8-DA4C44D2DE29}.Release|iPhoneSimulator.Build.0 = Release|Any CPU
		{98B839A7-132D-4B0A-B9A8-DA4C44D2DE29}.Release|x64.ActiveCfg = Release|Any CPU
		{98B839A7-132D-4B0A-B9A8-DA4C44D2DE29}.Release|x64.Build.0 = Release|Any CPU
		{98B839A7-132D-4B0A-B9A8-DA4C44D2DE29}.Release|x86.ActiveCfg = Release|Any CPU
		{98B839A7-132D-4B0A-B9A8-DA4C44D2DE29}.Release|x86.Build.0 = Release|Any CPU
		{6E2ACC59-90B3-4B63-8623-AA7DA2511150}.AppStore|Any CPU.ActiveCfg = Release|Any CPU
		{6E2ACC59-90B3-4B63-8623-AA7DA2511150}.AppStore|Any CPU.Build.0 = Release|Any CPU
		{6E2ACC59-90B3-4B63-8623-AA7DA2511150}.AppStore|ARM.ActiveCfg = Release|Any CPU
		{6E2ACC59-90B3-4B63-8623-AA7DA2511150}.AppStore|ARM.Build.0 = Release|Any CPU
		{6E2ACC59-90B3-4B63-8623-AA7DA2511150}.AppStore|iPhone.ActiveCfg = Release|Any CPU
		{6E2ACC59-90B3-4B63-8623-AA7DA2511150}.AppStore|iPhone.Build.0 = Release|Any CPU
		{6E2ACC59-90B3-4B63-8623-AA7DA2511150}.AppStore|iPhoneSimulator.ActiveCfg = Release|Any CPU
		{6E2ACC59-90B3-4B63-8623-AA7DA2511150}.AppStore|iPhoneSimulator.Build.0 = Release|Any CPU
		{6E2ACC59-90B3-4B63-8623-AA7DA2511150}.AppStore|x64.ActiveCfg = Release|Any CPU
		{6E2ACC59-90B3-4B63-8623-AA7DA2511150}.AppStore|x64.Build.0 = Release|Any CPU
		{6E2ACC59-90B3-4B63-8623-AA7DA2511150}.AppStore|x86.ActiveCfg = Release|Any CPU
		{6E2ACC59-90B3-4B63-8623-AA7DA2511150}.AppStore|x86.Build.0 = Release|Any CPU
		{6E2ACC59-90B3-4B63-8623-AA7DA2511150}.Debug|Any CPU.ActiveCfg = Debug|Any CPU
		{6E2ACC59-90B3-4B63-8623-AA7DA2511150}.Debug|Any CPU.Build.0 = Debug|Any CPU
		{6E2ACC59-90B3-4B63-8623-AA7DA2511150}.Debug|ARM.ActiveCfg = Debug|Any CPU
		{6E2ACC59-90B3-4B63-8623-AA7DA2511150}.Debug|ARM.Build.0 = Debug|Any CPU
		{6E2ACC59-90B3-4B63-8623-AA7DA2511150}.Debug|iPhone.ActiveCfg = Debug|Any CPU
		{6E2ACC59-90B3-4B63-8623-AA7DA2511150}.Debug|iPhone.Build.0 = Debug|Any CPU
		{6E2ACC59-90B3-4B63-8623-AA7DA2511150}.Debug|iPhoneSimulator.ActiveCfg = Debug|Any CPU
		{6E2ACC59-90B3-4B63-8623-AA7DA2511150}.Debug|iPhoneSimulator.Build.0 = Debug|Any CPU
		{6E2ACC59-90B3-4B63-8623-AA7DA2511150}.Debug|x64.ActiveCfg = Debug|Any CPU
		{6E2ACC59-90B3-4B63-8623-AA7DA2511150}.Debug|x64.Build.0 = Debug|Any CPU
		{6E2ACC59-90B3-4B63-8623-AA7DA2511150}.Debug|x86.ActiveCfg = Debug|Any CPU
		{6E2ACC59-90B3-4B63-8623-AA7DA2511150}.Debug|x86.Build.0 = Debug|Any CPU
		{6E2ACC59-90B3-4B63-8623-AA7DA2511150}.Release|Any CPU.ActiveCfg = Release|Any CPU
		{6E2ACC59-90B3-4B63-8623-AA7DA2511150}.Release|Any CPU.Build.0 = Release|Any CPU
		{6E2ACC59-90B3-4B63-8623-AA7DA2511150}.Release|ARM.ActiveCfg = Release|Any CPU
		{6E2ACC59-90B3-4B63-8623-AA7DA2511150}.Release|ARM.Build.0 = Release|Any CPU
		{6E2ACC59-90B3-4B63-8623-AA7DA2511150}.Release|iPhone.ActiveCfg = Release|Any CPU
		{6E2ACC59-90B3-4B63-8623-AA7DA2511150}.Release|iPhone.Build.0 = Release|Any CPU
		{6E2ACC59-90B3-4B63-8623-AA7DA2511150}.Release|iPhoneSimulator.ActiveCfg = Release|Any CPU
		{6E2ACC59-90B3-4B63-8623-AA7DA2511150}.Release|iPhoneSimulator.Build.0 = Release|Any CPU
		{6E2ACC59-90B3-4B63-8623-AA7DA2511150}.Release|x64.ActiveCfg = Release|Any CPU
		{6E2ACC59-90B3-4B63-8623-AA7DA2511150}.Release|x64.Build.0 = Release|Any CPU
		{6E2ACC59-90B3-4B63-8623-AA7DA2511150}.Release|x86.ActiveCfg = Release|Any CPU
		{6E2ACC59-90B3-4B63-8623-AA7DA2511150}.Release|x86.Build.0 = Release|Any CPU
	EndGlobalSection
	GlobalSection(SolutionProperties) = preSolution
		HideSolutionNode = FALSE
	EndGlobalSection
	GlobalSection(NestedProjects) = preSolution
		{2D9D8A1A-A565-425C-9F49-3A622B3A7977} = {B520A76A-0AB5-4CEC-85B4-C586FAB0CB09}
		{8C450FC1-456A-4568-B66E-E2BAB0A55412} = {B520A76A-0AB5-4CEC-85B4-C586FAB0CB09}
		{9B25EB6C-93D6-40F3-A97D-E75178C2EF76} = {B520A76A-0AB5-4CEC-85B4-C586FAB0CB09}
		{7A462405-9699-47EE-8D66-0F78A4726662} = {B520A76A-0AB5-4CEC-85B4-C586FAB0CB09}
		{F4BB7938-0E4E-4FDC-8244-F1F323D83046} = {B520A76A-0AB5-4CEC-85B4-C586FAB0CB09}
		{817B4026-9CEC-41C3-B700-A969F724864C} = {B520A76A-0AB5-4CEC-85B4-C586FAB0CB09}
		{B010240E-A655-486C-A63B-A7180E810AE8} = {B520A76A-0AB5-4CEC-85B4-C586FAB0CB09}
		{8143FAD9-64B1-4AF3-85F7-EA04C1AA224B} = {B520A76A-0AB5-4CEC-85B4-C586FAB0CB09}
		{E6B91186-198B-4711-AD16-683D8782B044} = {B520A76A-0AB5-4CEC-85B4-C586FAB0CB09}
		{154615C2-66F7-47BB-A304-F84F6D9A082A} = {2D9D8A1A-A565-425C-9F49-3A622B3A7977}
		{789CE0F7-1EAA-47EA-9071-740CE5D35336} = {2D9D8A1A-A565-425C-9F49-3A622B3A7977}
		{42DD781F-B727-43A9-9A08-DE7A557DB871} = {9B25EB6C-93D6-40F3-A97D-E75178C2EF76}
		{7DDE0DAE-4EA3-405C-861F-CB195BD8EB61} = {9B25EB6C-93D6-40F3-A97D-E75178C2EF76}
		{0552BFDC-F828-4403-9CF3-D42719B55751} = {8C450FC1-456A-4568-B66E-E2BAB0A55412}
		{83771C84-8C8D-47ED-A298-352984BB4F0C} = {8C450FC1-456A-4568-B66E-E2BAB0A55412}
		{8C13581E-167C-4DCC-87D5-8EC318CFAD68} = {7A462405-9699-47EE-8D66-0F78A4726662}
		{9402A0A0-5C25-4F82-978D-73FCEF6BAE84} = {7A462405-9699-47EE-8D66-0F78A4726662}
		{F98E8635-1C70-4731-AB56-E11B4D722D3B} = {7A462405-9699-47EE-8D66-0F78A4726662}
		{8CDB9BAB-6156-4BB0-A62D-BC5B7FCD21D7} = {7A462405-9699-47EE-8D66-0F78A4726662}
		{E89BCC1C-CE0B-491D-B221-3C6AB26EEED0} = {93B620A1-A2FC-46B5-AB05-79A9E1EC0B2C}
		{67C8EBFB-95B5-471F-BD80-523B5184E9DD} = {93B620A1-A2FC-46B5-AB05-79A9E1EC0B2C}
		{FE0CA546-9123-41C4-8913-74F196AFB9BD} = {93B620A1-A2FC-46B5-AB05-79A9E1EC0B2C}
		{5731CBE5-7E8B-4F97-B45D-7BBDE1067554} = {93B620A1-A2FC-46B5-AB05-79A9E1EC0B2C}
		{98B839A7-132D-4B0A-B9A8-DA4C44D2DE29} = {93B620A1-A2FC-46B5-AB05-79A9E1EC0B2C}
		{6E2ACC59-90B3-4B63-8623-AA7DA2511150} = {93B620A1-A2FC-46B5-AB05-79A9E1EC0B2C}
	EndGlobalSection
EndGlobal
