
Microsoft Visual Studio Solution File, Format Version 12.00
# Visual Studio 14
VisualStudioVersion = 14.0.25420.1
MinimumVisualStudioVersion = 10.0.40219.1
Project("{FAE04EC0-301F-11D3-BF4B-00C04F79EFBC}") = "Mvb.Core", "Mvb.Cross\Mvb.Core.csproj", "{E89BCC1C-CE0B-491D-B221-3C6AB26EEED0}"
EndProject
Project("{2150E333-8FDC-42A3-9474-1A3956D46DE8}") = "Test App", "Test App", "{25DDF35F-20EC-467B-B649-881C87836246}"
EndProject
Project("{FAE04EC0-301F-11D3-BF4B-00C04F79EFBC}") = "Mvb.Test.WinForm", "Mvb.Test.WinForm\Mvb.Test.WinForm.csproj", "{1AE1BE55-B3AC-4C6A-A457-61B72ABA5FE1}"
EndProject
Project("{FAE04EC0-301F-11D3-BF4B-00C04F79EFBC}") = "Mvb.Test.ModelBinders", "Mvb.Test.ViewModels\Mvb.Test.ModelBinders.csproj", "{2E68DF5C-2130-488A-A998-573BEC7A39E2}"
EndProject
Project("{FAE04EC0-301F-11D3-BF4B-00C04F79EFBC}") = "Mvb.Test.Wpf", "Mvb.Test.Wpf\Mvb.Test.Wpf.csproj", "{5BE8A7E8-4190-4DCD-B995-6B3010D34BF6}"
EndProject
Project("{FAE04EC0-301F-11D3-BF4B-00C04F79EFBC}") = "Mvb.Test.Droid", "Mvb.Test.Droid\Mvb.Test.Droid.csproj", "{00B80A8F-05B5-4CF7-9C9B-CE9FCA595AB6}"
EndProject
Project("{FAE04EC0-301F-11D3-BF4B-00C04F79EFBC}") = "Mvb.Droid", "Mvb.Droid\Mvb.Droid.csproj", "{67C8EBFB-95B5-471F-BD80-523B5184E9DD}"
EndProject
Project("{2150E333-8FDC-42A3-9474-1A3956D46DE8}") = "Solution Items", "Solution Items", "{E1276CD7-FE01-422D-8BE3-C751429CBFEB}"
	ProjectSection(SolutionItems) = preProject
		CopyToNuget.bat = CopyToNuget.bat
		Info.txt = Info.txt
	EndProjectSection
EndProject
Project("{FAE04EC0-301F-11D3-BF4B-00C04F79EFBC}") = "Mvb.Ios", "Mvb.Ios\Mvb.Ios.csproj", "{FE0CA546-9123-41C4-8913-74F196AFB9BD}"
EndProject
Project("{2150E333-8FDC-42A3-9474-1A3956D46DE8}") = "Nuget Test", "Nuget Test", "{458EC304-9EE4-4074-8307-A7ADA3A6D60C}"
EndProject
Project("{FAE04EC0-301F-11D3-BF4B-00C04F79EFBC}") = "Mvb.Test.Droid", "NugetTestApp\Mvb.Test.Droid\Mvb.Test.Droid.csproj", "{3DFDA60C-FAB7-4A5D-A3F3-55AFD73875A8}"
EndProject
Project("{FAE04EC0-301F-11D3-BF4B-00C04F79EFBC}") = "Mvb.Test.Wpf", "NugetTestApp\Mvb.Test.Wpf\Mvb.Test.Wpf.csproj", "{5466CF31-2C60-4ECD-81DE-F56975D7428D}"
EndProject
Project("{FAE04EC0-301F-11D3-BF4B-00C04F79EFBC}") = "Mvb.Test.Ios", "Mvb.Test.Ios\Mvb.Test.Ios.csproj", "{1B6842AC-FAE6-445F-9D46-23F28BBA576E}"
EndProject
Project("{2150E333-8FDC-42A3-9474-1A3956D46DE8}") = "FakeContacts", "FakeContacts", "{B520A76A-0AB5-4CEC-85B4-C586FAB0CB09}"
EndProject
Project("{FAE04EC0-301F-11D3-BF4B-00C04F79EFBC}") = "Mvb.FakeContacts.Abstract", "Mvb.FakeContacts.Abstract\Mvb.FakeContacts.Abstract.csproj", "{817B4026-9CEC-41C3-B700-A969F724864C}"
EndProject
Project("{FAE04EC0-301F-11D3-BF4B-00C04F79EFBC}") = "Mvb.FakeContacts.ModelBinders", "Mvb.FakeContacts.ModelBinders\Mvb.FakeContacts.ModelBinders.csproj", "{8143FAD9-64B1-4AF3-85F7-EA04C1AA224B}"
EndProject
Project("{2150E333-8FDC-42A3-9474-1A3956D46DE8}") = "Droid", "Droid", "{2D9D8A1A-A565-425C-9F49-3A622B3A7977}"
EndProject
Project("{FAE04EC0-301F-11D3-BF4B-00C04F79EFBC}") = "Mvb.FakeContacts.Droid.App", "Mvb.FakeContacts.Droid.App\Mvb.FakeContacts.Droid.App.csproj", "{154615C2-66F7-47BB-A304-F84F6D9A082A}"
EndProject
Project("{FAE04EC0-301F-11D3-BF4B-00C04F79EFBC}") = "Mvb.FakeContacts.Domain", "Mvb.FakeContacts.Domain\Mvb.FakeContacts.Domain.csproj", "{E6B91186-198B-4711-AD16-683D8782B044}"
EndProject
Project("{FAE04EC0-301F-11D3-BF4B-00C04F79EFBC}") = "Mvb.FakeContacts.Droid.Services", "Mvb.FakeContacts.Droid.Services\Mvb.FakeContacts.Droid.Services.csproj", "{789CE0F7-1EAA-47EA-9071-740CE5D35336}"
EndProject
Project("{FAE04EC0-301F-11D3-BF4B-00C04F79EFBC}") = "Mvb.FakeContacts.Concrete", "Mvb.FakeContacts.Concrete\Mvb.FakeContacts.Concrete.csproj", "{B010240E-A655-486C-A63B-A7180E810AE8}"
EndProject
Global
	GlobalSection(SolutionConfigurationPlatforms) = preSolution
		AppStore|Any CPU = AppStore|Any CPU
		AppStore|iPhone = AppStore|iPhone
		AppStore|iPhoneSimulator = AppStore|iPhoneSimulator
		Debug|Any CPU = Debug|Any CPU
		Debug|iPhone = Debug|iPhone
		Debug|iPhoneSimulator = Debug|iPhoneSimulator
		Release|Any CPU = Release|Any CPU
		Release|iPhone = Release|iPhone
		Release|iPhoneSimulator = Release|iPhoneSimulator
	EndGlobalSection
	GlobalSection(ProjectConfigurationPlatforms) = postSolution
		{E89BCC1C-CE0B-491D-B221-3C6AB26EEED0}.AppStore|Any CPU.ActiveCfg = Release|Any CPU
		{E89BCC1C-CE0B-491D-B221-3C6AB26EEED0}.AppStore|Any CPU.Build.0 = Release|Any CPU
		{E89BCC1C-CE0B-491D-B221-3C6AB26EEED0}.AppStore|iPhone.ActiveCfg = Debug|Any CPU
		{E89BCC1C-CE0B-491D-B221-3C6AB26EEED0}.AppStore|iPhoneSimulator.ActiveCfg = Debug|Any CPU
		{E89BCC1C-CE0B-491D-B221-3C6AB26EEED0}.Debug|Any CPU.ActiveCfg = Debug|Any CPU
		{E89BCC1C-CE0B-491D-B221-3C6AB26EEED0}.Debug|Any CPU.Build.0 = Debug|Any CPU
		{E89BCC1C-CE0B-491D-B221-3C6AB26EEED0}.Debug|iPhone.ActiveCfg = Debug|Any CPU
		{E89BCC1C-CE0B-491D-B221-3C6AB26EEED0}.Debug|iPhone.Build.0 = Debug|Any CPU
		{E89BCC1C-CE0B-491D-B221-3C6AB26EEED0}.Debug|iPhoneSimulator.ActiveCfg = Debug|Any CPU
		{E89BCC1C-CE0B-491D-B221-3C6AB26EEED0}.Debug|iPhoneSimulator.Build.0 = Debug|Any CPU
		{E89BCC1C-CE0B-491D-B221-3C6AB26EEED0}.Release|Any CPU.ActiveCfg = Release|Any CPU
		{E89BCC1C-CE0B-491D-B221-3C6AB26EEED0}.Release|Any CPU.Build.0 = Release|Any CPU
		{E89BCC1C-CE0B-491D-B221-3C6AB26EEED0}.Release|iPhone.ActiveCfg = Release|Any CPU
		{E89BCC1C-CE0B-491D-B221-3C6AB26EEED0}.Release|iPhone.Build.0 = Release|Any CPU
		{E89BCC1C-CE0B-491D-B221-3C6AB26EEED0}.Release|iPhoneSimulator.ActiveCfg = Release|Any CPU
		{E89BCC1C-CE0B-491D-B221-3C6AB26EEED0}.Release|iPhoneSimulator.Build.0 = Release|Any CPU
		{1AE1BE55-B3AC-4C6A-A457-61B72ABA5FE1}.AppStore|Any CPU.ActiveCfg = Release|Any CPU
		{1AE1BE55-B3AC-4C6A-A457-61B72ABA5FE1}.AppStore|Any CPU.Build.0 = Release|Any CPU
		{1AE1BE55-B3AC-4C6A-A457-61B72ABA5FE1}.AppStore|iPhone.ActiveCfg = Debug|Any CPU
		{1AE1BE55-B3AC-4C6A-A457-61B72ABA5FE1}.AppStore|iPhoneSimulator.ActiveCfg = Debug|Any CPU
		{1AE1BE55-B3AC-4C6A-A457-61B72ABA5FE1}.Debug|Any CPU.ActiveCfg = Debug|Any CPU
		{1AE1BE55-B3AC-4C6A-A457-61B72ABA5FE1}.Debug|Any CPU.Build.0 = Debug|Any CPU
		{1AE1BE55-B3AC-4C6A-A457-61B72ABA5FE1}.Debug|iPhone.ActiveCfg = Debug|Any CPU
		{1AE1BE55-B3AC-4C6A-A457-61B72ABA5FE1}.Debug|iPhone.Build.0 = Debug|Any CPU
		{1AE1BE55-B3AC-4C6A-A457-61B72ABA5FE1}.Debug|iPhoneSimulator.ActiveCfg = Debug|Any CPU
		{1AE1BE55-B3AC-4C6A-A457-61B72ABA5FE1}.Debug|iPhoneSimulator.Build.0 = Debug|Any CPU
		{1AE1BE55-B3AC-4C6A-A457-61B72ABA5FE1}.Release|Any CPU.ActiveCfg = Release|Any CPU
		{1AE1BE55-B3AC-4C6A-A457-61B72ABA5FE1}.Release|Any CPU.Build.0 = Release|Any CPU
		{1AE1BE55-B3AC-4C6A-A457-61B72ABA5FE1}.Release|iPhone.ActiveCfg = Release|Any CPU
		{1AE1BE55-B3AC-4C6A-A457-61B72ABA5FE1}.Release|iPhone.Build.0 = Release|Any CPU
		{1AE1BE55-B3AC-4C6A-A457-61B72ABA5FE1}.Release|iPhoneSimulator.ActiveCfg = Release|Any CPU
		{1AE1BE55-B3AC-4C6A-A457-61B72ABA5FE1}.Release|iPhoneSimulator.Build.0 = Release|Any CPU
		{2E68DF5C-2130-488A-A998-573BEC7A39E2}.AppStore|Any CPU.ActiveCfg = Release|Any CPU
		{2E68DF5C-2130-488A-A998-573BEC7A39E2}.AppStore|Any CPU.Build.0 = Release|Any CPU
		{2E68DF5C-2130-488A-A998-573BEC7A39E2}.AppStore|iPhone.ActiveCfg = Debug|Any CPU
		{2E68DF5C-2130-488A-A998-573BEC7A39E2}.AppStore|iPhoneSimulator.ActiveCfg = Debug|Any CPU
		{2E68DF5C-2130-488A-A998-573BEC7A39E2}.Debug|Any CPU.ActiveCfg = Debug|Any CPU
		{2E68DF5C-2130-488A-A998-573BEC7A39E2}.Debug|Any CPU.Build.0 = Debug|Any CPU
		{2E68DF5C-2130-488A-A998-573BEC7A39E2}.Debug|iPhone.ActiveCfg = Debug|Any CPU
		{2E68DF5C-2130-488A-A998-573BEC7A39E2}.Debug|iPhone.Build.0 = Debug|Any CPU
		{2E68DF5C-2130-488A-A998-573BEC7A39E2}.Debug|iPhoneSimulator.ActiveCfg = Debug|Any CPU
		{2E68DF5C-2130-488A-A998-573BEC7A39E2}.Debug|iPhoneSimulator.Build.0 = Debug|Any CPU
		{2E68DF5C-2130-488A-A998-573BEC7A39E2}.Release|Any CPU.ActiveCfg = Release|Any CPU
		{2E68DF5C-2130-488A-A998-573BEC7A39E2}.Release|Any CPU.Build.0 = Release|Any CPU
		{2E68DF5C-2130-488A-A998-573BEC7A39E2}.Release|iPhone.ActiveCfg = Release|Any CPU
		{2E68DF5C-2130-488A-A998-573BEC7A39E2}.Release|iPhone.Build.0 = Release|Any CPU
		{2E68DF5C-2130-488A-A998-573BEC7A39E2}.Release|iPhoneSimulator.ActiveCfg = Release|Any CPU
		{2E68DF5C-2130-488A-A998-573BEC7A39E2}.Release|iPhoneSimulator.Build.0 = Release|Any CPU
		{5BE8A7E8-4190-4DCD-B995-6B3010D34BF6}.AppStore|Any CPU.ActiveCfg = Release|Any CPU
		{5BE8A7E8-4190-4DCD-B995-6B3010D34BF6}.AppStore|Any CPU.Build.0 = Release|Any CPU
		{5BE8A7E8-4190-4DCD-B995-6B3010D34BF6}.AppStore|iPhone.ActiveCfg = Debug|Any CPU
		{5BE8A7E8-4190-4DCD-B995-6B3010D34BF6}.AppStore|iPhoneSimulator.ActiveCfg = Debug|Any CPU
		{5BE8A7E8-4190-4DCD-B995-6B3010D34BF6}.Debug|Any CPU.ActiveCfg = Debug|Any CPU
		{5BE8A7E8-4190-4DCD-B995-6B3010D34BF6}.Debug|Any CPU.Build.0 = Debug|Any CPU
		{5BE8A7E8-4190-4DCD-B995-6B3010D34BF6}.Debug|iPhone.ActiveCfg = Debug|Any CPU
		{5BE8A7E8-4190-4DCD-B995-6B3010D34BF6}.Debug|iPhone.Build.0 = Debug|Any CPU
		{5BE8A7E8-4190-4DCD-B995-6B3010D34BF6}.Debug|iPhoneSimulator.ActiveCfg = Debug|Any CPU
		{5BE8A7E8-4190-4DCD-B995-6B3010D34BF6}.Debug|iPhoneSimulator.Build.0 = Debug|Any CPU
		{5BE8A7E8-4190-4DCD-B995-6B3010D34BF6}.Release|Any CPU.ActiveCfg = Release|Any CPU
		{5BE8A7E8-4190-4DCD-B995-6B3010D34BF6}.Release|Any CPU.Build.0 = Release|Any CPU
		{5BE8A7E8-4190-4DCD-B995-6B3010D34BF6}.Release|iPhone.ActiveCfg = Release|Any CPU
		{5BE8A7E8-4190-4DCD-B995-6B3010D34BF6}.Release|iPhone.Build.0 = Release|Any CPU
		{5BE8A7E8-4190-4DCD-B995-6B3010D34BF6}.Release|iPhoneSimulator.ActiveCfg = Release|Any CPU
		{5BE8A7E8-4190-4DCD-B995-6B3010D34BF6}.Release|iPhoneSimulator.Build.0 = Release|Any CPU
		{00B80A8F-05B5-4CF7-9C9B-CE9FCA595AB6}.AppStore|Any CPU.ActiveCfg = Release|Any CPU
		{00B80A8F-05B5-4CF7-9C9B-CE9FCA595AB6}.AppStore|Any CPU.Build.0 = Release|Any CPU
		{00B80A8F-05B5-4CF7-9C9B-CE9FCA595AB6}.AppStore|Any CPU.Deploy.0 = Release|Any CPU
		{00B80A8F-05B5-4CF7-9C9B-CE9FCA595AB6}.AppStore|iPhone.ActiveCfg = Debug|Any CPU
		{00B80A8F-05B5-4CF7-9C9B-CE9FCA595AB6}.AppStore|iPhoneSimulator.ActiveCfg = Debug|Any CPU
		{00B80A8F-05B5-4CF7-9C9B-CE9FCA595AB6}.Debug|Any CPU.ActiveCfg = Debug|Any CPU
		{00B80A8F-05B5-4CF7-9C9B-CE9FCA595AB6}.Debug|Any CPU.Build.0 = Debug|Any CPU
		{00B80A8F-05B5-4CF7-9C9B-CE9FCA595AB6}.Debug|Any CPU.Deploy.0 = Debug|Any CPU
		{00B80A8F-05B5-4CF7-9C9B-CE9FCA595AB6}.Debug|iPhone.ActiveCfg = Debug|Any CPU
		{00B80A8F-05B5-4CF7-9C9B-CE9FCA595AB6}.Debug|iPhone.Build.0 = Debug|Any CPU
		{00B80A8F-05B5-4CF7-9C9B-CE9FCA595AB6}.Debug|iPhoneSimulator.ActiveCfg = Debug|Any CPU
		{00B80A8F-05B5-4CF7-9C9B-CE9FCA595AB6}.Debug|iPhoneSimulator.Build.0 = Debug|Any CPU
		{00B80A8F-05B5-4CF7-9C9B-CE9FCA595AB6}.Release|Any CPU.ActiveCfg = Release|Any CPU
		{00B80A8F-05B5-4CF7-9C9B-CE9FCA595AB6}.Release|Any CPU.Build.0 = Release|Any CPU
		{00B80A8F-05B5-4CF7-9C9B-CE9FCA595AB6}.Release|Any CPU.Deploy.0 = Release|Any CPU
		{00B80A8F-05B5-4CF7-9C9B-CE9FCA595AB6}.Release|iPhone.ActiveCfg = Release|Any CPU
		{00B80A8F-05B5-4CF7-9C9B-CE9FCA595AB6}.Release|iPhone.Build.0 = Release|Any CPU
		{00B80A8F-05B5-4CF7-9C9B-CE9FCA595AB6}.Release|iPhoneSimulator.ActiveCfg = Release|Any CPU
		{00B80A8F-05B5-4CF7-9C9B-CE9FCA595AB6}.Release|iPhoneSimulator.Build.0 = Release|Any CPU
		{67C8EBFB-95B5-471F-BD80-523B5184E9DD}.AppStore|Any CPU.ActiveCfg = Release|Any CPU
		{67C8EBFB-95B5-471F-BD80-523B5184E9DD}.AppStore|Any CPU.Build.0 = Release|Any CPU
		{67C8EBFB-95B5-471F-BD80-523B5184E9DD}.AppStore|iPhone.ActiveCfg = Debug|Any CPU
		{67C8EBFB-95B5-471F-BD80-523B5184E9DD}.AppStore|iPhoneSimulator.ActiveCfg = Debug|Any CPU
		{67C8EBFB-95B5-471F-BD80-523B5184E9DD}.Debug|Any CPU.ActiveCfg = Debug|Any CPU
		{67C8EBFB-95B5-471F-BD80-523B5184E9DD}.Debug|Any CPU.Build.0 = Debug|Any CPU
		{67C8EBFB-95B5-471F-BD80-523B5184E9DD}.Debug|iPhone.ActiveCfg = Debug|Any CPU
		{67C8EBFB-95B5-471F-BD80-523B5184E9DD}.Debug|iPhone.Build.0 = Debug|Any CPU
		{67C8EBFB-95B5-471F-BD80-523B5184E9DD}.Debug|iPhoneSimulator.ActiveCfg = Debug|Any CPU
		{67C8EBFB-95B5-471F-BD80-523B5184E9DD}.Debug|iPhoneSimulator.Build.0 = Debug|Any CPU
		{67C8EBFB-95B5-471F-BD80-523B5184E9DD}.Release|Any CPU.ActiveCfg = Release|Any CPU
		{67C8EBFB-95B5-471F-BD80-523B5184E9DD}.Release|Any CPU.Build.0 = Release|Any CPU
		{67C8EBFB-95B5-471F-BD80-523B5184E9DD}.Release|iPhone.ActiveCfg = Release|Any CPU
		{67C8EBFB-95B5-471F-BD80-523B5184E9DD}.Release|iPhone.Build.0 = Release|Any CPU
		{67C8EBFB-95B5-471F-BD80-523B5184E9DD}.Release|iPhoneSimulator.ActiveCfg = Release|Any CPU
		{67C8EBFB-95B5-471F-BD80-523B5184E9DD}.Release|iPhoneSimulator.Build.0 = Release|Any CPU
		{FE0CA546-9123-41C4-8913-74F196AFB9BD}.AppStore|Any CPU.ActiveCfg = Release|Any CPU
		{FE0CA546-9123-41C4-8913-74F196AFB9BD}.AppStore|Any CPU.Build.0 = Release|Any CPU
		{FE0CA546-9123-41C4-8913-74F196AFB9BD}.AppStore|iPhone.ActiveCfg = Release|Any CPU
		{FE0CA546-9123-41C4-8913-74F196AFB9BD}.AppStore|iPhone.Build.0 = Release|Any CPU
		{FE0CA546-9123-41C4-8913-74F196AFB9BD}.AppStore|iPhoneSimulator.ActiveCfg = Release|Any CPU
		{FE0CA546-9123-41C4-8913-74F196AFB9BD}.AppStore|iPhoneSimulator.Build.0 = Release|Any CPU
		{FE0CA546-9123-41C4-8913-74F196AFB9BD}.Debug|Any CPU.ActiveCfg = Debug|Any CPU
		{FE0CA546-9123-41C4-8913-74F196AFB9BD}.Debug|Any CPU.Build.0 = Debug|Any CPU
		{FE0CA546-9123-41C4-8913-74F196AFB9BD}.Debug|iPhone.ActiveCfg = Debug|Any CPU
		{FE0CA546-9123-41C4-8913-74F196AFB9BD}.Debug|iPhone.Build.0 = Debug|Any CPU
		{FE0CA546-9123-41C4-8913-74F196AFB9BD}.Debug|iPhoneSimulator.ActiveCfg = Debug|Any CPU
		{FE0CA546-9123-41C4-8913-74F196AFB9BD}.Debug|iPhoneSimulator.Build.0 = Debug|Any CPU
		{FE0CA546-9123-41C4-8913-74F196AFB9BD}.Release|Any CPU.ActiveCfg = Release|Any CPU
		{FE0CA546-9123-41C4-8913-74F196AFB9BD}.Release|Any CPU.Build.0 = Release|Any CPU
		{FE0CA546-9123-41C4-8913-74F196AFB9BD}.Release|iPhone.ActiveCfg = Release|Any CPU
		{FE0CA546-9123-41C4-8913-74F196AFB9BD}.Release|iPhone.Build.0 = Release|Any CPU
		{FE0CA546-9123-41C4-8913-74F196AFB9BD}.Release|iPhoneSimulator.ActiveCfg = Release|Any CPU
		{FE0CA546-9123-41C4-8913-74F196AFB9BD}.Release|iPhoneSimulator.Build.0 = Release|Any CPU
		{3DFDA60C-FAB7-4A5D-A3F3-55AFD73875A8}.AppStore|Any CPU.ActiveCfg = Release|Any CPU
		{3DFDA60C-FAB7-4A5D-A3F3-55AFD73875A8}.AppStore|Any CPU.Build.0 = Release|Any CPU
		{3DFDA60C-FAB7-4A5D-A3F3-55AFD73875A8}.AppStore|Any CPU.Deploy.0 = Release|Any CPU
		{3DFDA60C-FAB7-4A5D-A3F3-55AFD73875A8}.AppStore|iPhone.ActiveCfg = Release|Any CPU
		{3DFDA60C-FAB7-4A5D-A3F3-55AFD73875A8}.AppStore|iPhone.Build.0 = Release|Any CPU
		{3DFDA60C-FAB7-4A5D-A3F3-55AFD73875A8}.AppStore|iPhone.Deploy.0 = Release|Any CPU
		{3DFDA60C-FAB7-4A5D-A3F3-55AFD73875A8}.AppStore|iPhoneSimulator.ActiveCfg = Release|Any CPU
		{3DFDA60C-FAB7-4A5D-A3F3-55AFD73875A8}.AppStore|iPhoneSimulator.Build.0 = Release|Any CPU
		{3DFDA60C-FAB7-4A5D-A3F3-55AFD73875A8}.AppStore|iPhoneSimulator.Deploy.0 = Release|Any CPU
		{3DFDA60C-FAB7-4A5D-A3F3-55AFD73875A8}.Debug|Any CPU.ActiveCfg = Debug|Any CPU
		{3DFDA60C-FAB7-4A5D-A3F3-55AFD73875A8}.Debug|Any CPU.Build.0 = Debug|Any CPU
		{3DFDA60C-FAB7-4A5D-A3F3-55AFD73875A8}.Debug|Any CPU.Deploy.0 = Debug|Any CPU
		{3DFDA60C-FAB7-4A5D-A3F3-55AFD73875A8}.Debug|iPhone.ActiveCfg = Debug|Any CPU
		{3DFDA60C-FAB7-4A5D-A3F3-55AFD73875A8}.Debug|iPhone.Build.0 = Debug|Any CPU
		{3DFDA60C-FAB7-4A5D-A3F3-55AFD73875A8}.Debug|iPhone.Deploy.0 = Debug|Any CPU
		{3DFDA60C-FAB7-4A5D-A3F3-55AFD73875A8}.Debug|iPhoneSimulator.ActiveCfg = Debug|Any CPU
		{3DFDA60C-FAB7-4A5D-A3F3-55AFD73875A8}.Debug|iPhoneSimulator.Build.0 = Debug|Any CPU
		{3DFDA60C-FAB7-4A5D-A3F3-55AFD73875A8}.Debug|iPhoneSimulator.Deploy.0 = Debug|Any CPU
		{3DFDA60C-FAB7-4A5D-A3F3-55AFD73875A8}.Release|Any CPU.ActiveCfg = Release|Any CPU
		{3DFDA60C-FAB7-4A5D-A3F3-55AFD73875A8}.Release|Any CPU.Build.0 = Release|Any CPU
		{3DFDA60C-FAB7-4A5D-A3F3-55AFD73875A8}.Release|Any CPU.Deploy.0 = Release|Any CPU
		{3DFDA60C-FAB7-4A5D-A3F3-55AFD73875A8}.Release|iPhone.ActiveCfg = Release|Any CPU
		{3DFDA60C-FAB7-4A5D-A3F3-55AFD73875A8}.Release|iPhone.Build.0 = Release|Any CPU
		{3DFDA60C-FAB7-4A5D-A3F3-55AFD73875A8}.Release|iPhone.Deploy.0 = Release|Any CPU
		{3DFDA60C-FAB7-4A5D-A3F3-55AFD73875A8}.Release|iPhoneSimulator.ActiveCfg = Release|Any CPU
		{3DFDA60C-FAB7-4A5D-A3F3-55AFD73875A8}.Release|iPhoneSimulator.Build.0 = Release|Any CPU
		{3DFDA60C-FAB7-4A5D-A3F3-55AFD73875A8}.Release|iPhoneSimulator.Deploy.0 = Release|Any CPU
		{5466CF31-2C60-4ECD-81DE-F56975D7428D}.AppStore|Any CPU.ActiveCfg = Release|Any CPU
		{5466CF31-2C60-4ECD-81DE-F56975D7428D}.AppStore|Any CPU.Build.0 = Release|Any CPU
		{5466CF31-2C60-4ECD-81DE-F56975D7428D}.AppStore|iPhone.ActiveCfg = Release|Any CPU
		{5466CF31-2C60-4ECD-81DE-F56975D7428D}.AppStore|iPhone.Build.0 = Release|Any CPU
		{5466CF31-2C60-4ECD-81DE-F56975D7428D}.AppStore|iPhoneSimulator.ActiveCfg = Release|Any CPU
		{5466CF31-2C60-4ECD-81DE-F56975D7428D}.AppStore|iPhoneSimulator.Build.0 = Release|Any CPU
		{5466CF31-2C60-4ECD-81DE-F56975D7428D}.Debug|Any CPU.ActiveCfg = Debug|Any CPU
		{5466CF31-2C60-4ECD-81DE-F56975D7428D}.Debug|Any CPU.Build.0 = Debug|Any CPU
		{5466CF31-2C60-4ECD-81DE-F56975D7428D}.Debug|iPhone.ActiveCfg = Debug|Any CPU
		{5466CF31-2C60-4ECD-81DE-F56975D7428D}.Debug|iPhone.Build.0 = Debug|Any CPU
		{5466CF31-2C60-4ECD-81DE-F56975D7428D}.Debug|iPhoneSimulator.ActiveCfg = Debug|Any CPU
		{5466CF31-2C60-4ECD-81DE-F56975D7428D}.Debug|iPhoneSimulator.Build.0 = Debug|Any CPU
		{5466CF31-2C60-4ECD-81DE-F56975D7428D}.Release|Any CPU.ActiveCfg = Release|Any CPU
		{5466CF31-2C60-4ECD-81DE-F56975D7428D}.Release|Any CPU.Build.0 = Release|Any CPU
		{5466CF31-2C60-4ECD-81DE-F56975D7428D}.Release|iPhone.ActiveCfg = Release|Any CPU
		{5466CF31-2C60-4ECD-81DE-F56975D7428D}.Release|iPhone.Build.0 = Release|Any CPU
		{5466CF31-2C60-4ECD-81DE-F56975D7428D}.Release|iPhoneSimulator.ActiveCfg = Release|Any CPU
		{5466CF31-2C60-4ECD-81DE-F56975D7428D}.Release|iPhoneSimulator.Build.0 = Release|Any CPU
		{1B6842AC-FAE6-445F-9D46-23F28BBA576E}.AppStore|Any CPU.ActiveCfg = Release|iPhoneSimulator
		{1B6842AC-FAE6-445F-9D46-23F28BBA576E}.AppStore|Any CPU.Build.0 = Release|iPhoneSimulator
		{1B6842AC-FAE6-445F-9D46-23F28BBA576E}.AppStore|iPhone.ActiveCfg = Release|iPhone
		{1B6842AC-FAE6-445F-9D46-23F28BBA576E}.AppStore|iPhone.Build.0 = Release|iPhone
		{1B6842AC-FAE6-445F-9D46-23F28BBA576E}.AppStore|iPhoneSimulator.ActiveCfg = Release|iPhoneSimulator
		{1B6842AC-FAE6-445F-9D46-23F28BBA576E}.AppStore|iPhoneSimulator.Build.0 = Release|iPhoneSimulator
		{1B6842AC-FAE6-445F-9D46-23F28BBA576E}.Debug|Any CPU.ActiveCfg = Debug|iPhone
		{1B6842AC-FAE6-445F-9D46-23F28BBA576E}.Debug|iPhone.ActiveCfg = Debug|iPhone
		{1B6842AC-FAE6-445F-9D46-23F28BBA576E}.Debug|iPhone.Build.0 = Debug|iPhone
		{1B6842AC-FAE6-445F-9D46-23F28BBA576E}.Debug|iPhoneSimulator.ActiveCfg = Debug|iPhoneSimulator
		{1B6842AC-FAE6-445F-9D46-23F28BBA576E}.Debug|iPhoneSimulator.Build.0 = Debug|iPhoneSimulator
		{1B6842AC-FAE6-445F-9D46-23F28BBA576E}.Release|Any CPU.ActiveCfg = Release|iPhone
		{1B6842AC-FAE6-445F-9D46-23F28BBA576E}.Release|iPhone.ActiveCfg = Release|iPhone
		{1B6842AC-FAE6-445F-9D46-23F28BBA576E}.Release|iPhone.Build.0 = Release|iPhone
		{1B6842AC-FAE6-445F-9D46-23F28BBA576E}.Release|iPhoneSimulator.ActiveCfg = Release|iPhoneSimulator
		{1B6842AC-FAE6-445F-9D46-23F28BBA576E}.Release|iPhoneSimulator.Build.0 = Release|iPhoneSimulator
		{817B4026-9CEC-41C3-B700-A969F724864C}.AppStore|Any CPU.ActiveCfg = Release|Any CPU
		{817B4026-9CEC-41C3-B700-A969F724864C}.AppStore|Any CPU.Build.0 = Release|Any CPU
		{817B4026-9CEC-41C3-B700-A969F724864C}.AppStore|iPhone.ActiveCfg = Release|Any CPU
		{817B4026-9CEC-41C3-B700-A969F724864C}.AppStore|iPhone.Build.0 = Release|Any CPU
		{817B4026-9CEC-41C3-B700-A969F724864C}.AppStore|iPhoneSimulator.ActiveCfg = Release|Any CPU
		{817B4026-9CEC-41C3-B700-A969F724864C}.AppStore|iPhoneSimulator.Build.0 = Release|Any CPU
		{817B4026-9CEC-41C3-B700-A969F724864C}.Debug|Any CPU.ActiveCfg = Debug|Any CPU
		{817B4026-9CEC-41C3-B700-A969F724864C}.Debug|Any CPU.Build.0 = Debug|Any CPU
		{817B4026-9CEC-41C3-B700-A969F724864C}.Debug|iPhone.ActiveCfg = Debug|Any CPU
		{817B4026-9CEC-41C3-B700-A969F724864C}.Debug|iPhone.Build.0 = Debug|Any CPU
		{817B4026-9CEC-41C3-B700-A969F724864C}.Debug|iPhoneSimulator.ActiveCfg = Debug|Any CPU
		{817B4026-9CEC-41C3-B700-A969F724864C}.Debug|iPhoneSimulator.Build.0 = Debug|Any CPU
		{817B4026-9CEC-41C3-B700-A969F724864C}.Release|Any CPU.ActiveCfg = Release|Any CPU
		{817B4026-9CEC-41C3-B700-A969F724864C}.Release|Any CPU.Build.0 = Release|Any CPU
		{817B4026-9CEC-41C3-B700-A969F724864C}.Release|iPhone.ActiveCfg = Release|Any CPU
		{817B4026-9CEC-41C3-B700-A969F724864C}.Release|iPhone.Build.0 = Release|Any CPU
		{817B4026-9CEC-41C3-B700-A969F724864C}.Release|iPhoneSimulator.ActiveCfg = Release|Any CPU
		{817B4026-9CEC-41C3-B700-A969F724864C}.Release|iPhoneSimulator.Build.0 = Release|Any CPU
		{8143FAD9-64B1-4AF3-85F7-EA04C1AA224B}.AppStore|Any CPU.ActiveCfg = Release|Any CPU
		{8143FAD9-64B1-4AF3-85F7-EA04C1AA224B}.AppStore|Any CPU.Build.0 = Release|Any CPU
		{8143FAD9-64B1-4AF3-85F7-EA04C1AA224B}.AppStore|iPhone.ActiveCfg = Release|Any CPU
		{8143FAD9-64B1-4AF3-85F7-EA04C1AA224B}.AppStore|iPhone.Build.0 = Release|Any CPU
		{8143FAD9-64B1-4AF3-85F7-EA04C1AA224B}.AppStore|iPhoneSimulator.ActiveCfg = Release|Any CPU
		{8143FAD9-64B1-4AF3-85F7-EA04C1AA224B}.AppStore|iPhoneSimulator.Build.0 = Release|Any CPU
		{8143FAD9-64B1-4AF3-85F7-EA04C1AA224B}.Debug|Any CPU.ActiveCfg = Debug|Any CPU
		{8143FAD9-64B1-4AF3-85F7-EA04C1AA224B}.Debug|Any CPU.Build.0 = Debug|Any CPU
		{8143FAD9-64B1-4AF3-85F7-EA04C1AA224B}.Debug|iPhone.ActiveCfg = Debug|Any CPU
		{8143FAD9-64B1-4AF3-85F7-EA04C1AA224B}.Debug|iPhone.Build.0 = Debug|Any CPU
		{8143FAD9-64B1-4AF3-85F7-EA04C1AA224B}.Debug|iPhoneSimulator.ActiveCfg = Debug|Any CPU
		{8143FAD9-64B1-4AF3-85F7-EA04C1AA224B}.Debug|iPhoneSimulator.Build.0 = Debug|Any CPU
		{8143FAD9-64B1-4AF3-85F7-EA04C1AA224B}.Release|Any CPU.ActiveCfg = Release|Any CPU
		{8143FAD9-64B1-4AF3-85F7-EA04C1AA224B}.Release|Any CPU.Build.0 = Release|Any CPU
		{8143FAD9-64B1-4AF3-85F7-EA04C1AA224B}.Release|iPhone.ActiveCfg = Release|Any CPU
		{8143FAD9-64B1-4AF3-85F7-EA04C1AA224B}.Release|iPhone.Build.0 = Release|Any CPU
		{8143FAD9-64B1-4AF3-85F7-EA04C1AA224B}.Release|iPhoneSimulator.ActiveCfg = Release|Any CPU
		{8143FAD9-64B1-4AF3-85F7-EA04C1AA224B}.Release|iPhoneSimulator.Build.0 = Release|Any CPU
		{154615C2-66F7-47BB-A304-F84F6D9A082A}.AppStore|Any CPU.ActiveCfg = Release|Any CPU
		{154615C2-66F7-47BB-A304-F84F6D9A082A}.AppStore|Any CPU.Build.0 = Release|Any CPU
		{154615C2-66F7-47BB-A304-F84F6D9A082A}.AppStore|Any CPU.Deploy.0 = Release|Any CPU
		{154615C2-66F7-47BB-A304-F84F6D9A082A}.AppStore|iPhone.ActiveCfg = Release|Any CPU
		{154615C2-66F7-47BB-A304-F84F6D9A082A}.AppStore|iPhone.Build.0 = Release|Any CPU
		{154615C2-66F7-47BB-A304-F84F6D9A082A}.AppStore|iPhone.Deploy.0 = Release|Any CPU
		{154615C2-66F7-47BB-A304-F84F6D9A082A}.AppStore|iPhoneSimulator.ActiveCfg = Release|Any CPU
		{154615C2-66F7-47BB-A304-F84F6D9A082A}.AppStore|iPhoneSimulator.Build.0 = Release|Any CPU
		{154615C2-66F7-47BB-A304-F84F6D9A082A}.AppStore|iPhoneSimulator.Deploy.0 = Release|Any CPU
		{154615C2-66F7-47BB-A304-F84F6D9A082A}.Debug|Any CPU.ActiveCfg = Debug|Any CPU
		{154615C2-66F7-47BB-A304-F84F6D9A082A}.Debug|Any CPU.Build.0 = Debug|Any CPU
		{154615C2-66F7-47BB-A304-F84F6D9A082A}.Debug|Any CPU.Deploy.0 = Debug|Any CPU
		{154615C2-66F7-47BB-A304-F84F6D9A082A}.Debug|iPhone.ActiveCfg = Debug|Any CPU
		{154615C2-66F7-47BB-A304-F84F6D9A082A}.Debug|iPhone.Build.0 = Debug|Any CPU
		{154615C2-66F7-47BB-A304-F84F6D9A082A}.Debug|iPhone.Deploy.0 = Debug|Any CPU
		{154615C2-66F7-47BB-A304-F84F6D9A082A}.Debug|iPhoneSimulator.ActiveCfg = Debug|Any CPU
		{154615C2-66F7-47BB-A304-F84F6D9A082A}.Debug|iPhoneSimulator.Build.0 = Debug|Any CPU
		{154615C2-66F7-47BB-A304-F84F6D9A082A}.Debug|iPhoneSimulator.Deploy.0 = Debug|Any CPU
		{154615C2-66F7-47BB-A304-F84F6D9A082A}.Release|Any CPU.ActiveCfg = Release|Any CPU
		{154615C2-66F7-47BB-A304-F84F6D9A082A}.Release|Any CPU.Build.0 = Release|Any CPU
		{154615C2-66F7-47BB-A304-F84F6D9A082A}.Release|Any CPU.Deploy.0 = Release|Any CPU
		{154615C2-66F7-47BB-A304-F84F6D9A082A}.Release|iPhone.ActiveCfg = Release|Any CPU
		{154615C2-66F7-47BB-A304-F84F6D9A082A}.Release|iPhone.Build.0 = Release|Any CPU
		{154615C2-66F7-47BB-A304-F84F6D9A082A}.Release|iPhone.Deploy.0 = Release|Any CPU
		{154615C2-66F7-47BB-A304-F84F6D9A082A}.Release|iPhoneSimulator.ActiveCfg = Release|Any CPU
		{154615C2-66F7-47BB-A304-F84F6D9A082A}.Release|iPhoneSimulator.Build.0 = Release|Any CPU
		{154615C2-66F7-47BB-A304-F84F6D9A082A}.Release|iPhoneSimulator.Deploy.0 = Release|Any CPU
		{E6B91186-198B-4711-AD16-683D8782B044}.AppStore|Any CPU.ActiveCfg = Release|Any CPU
		{E6B91186-198B-4711-AD16-683D8782B044}.AppStore|Any CPU.Build.0 = Release|Any CPU
		{E6B91186-198B-4711-AD16-683D8782B044}.AppStore|iPhone.ActiveCfg = Release|Any CPU
		{E6B91186-198B-4711-AD16-683D8782B044}.AppStore|iPhone.Build.0 = Release|Any CPU
		{E6B91186-198B-4711-AD16-683D8782B044}.AppStore|iPhoneSimulator.ActiveCfg = Release|Any CPU
		{E6B91186-198B-4711-AD16-683D8782B044}.AppStore|iPhoneSimulator.Build.0 = Release|Any CPU
		{E6B91186-198B-4711-AD16-683D8782B044}.Debug|Any CPU.ActiveCfg = Debug|Any CPU
		{E6B91186-198B-4711-AD16-683D8782B044}.Debug|Any CPU.Build.0 = Debug|Any CPU
		{E6B91186-198B-4711-AD16-683D8782B044}.Debug|iPhone.ActiveCfg = Debug|Any CPU
		{E6B91186-198B-4711-AD16-683D8782B044}.Debug|iPhone.Build.0 = Debug|Any CPU
		{E6B91186-198B-4711-AD16-683D8782B044}.Debug|iPhoneSimulator.ActiveCfg = Debug|Any CPU
		{E6B91186-198B-4711-AD16-683D8782B044}.Debug|iPhoneSimulator.Build.0 = Debug|Any CPU
		{E6B91186-198B-4711-AD16-683D8782B044}.Release|Any CPU.ActiveCfg = Release|Any CPU
		{E6B91186-198B-4711-AD16-683D8782B044}.Release|Any CPU.Build.0 = Release|Any CPU
		{E6B91186-198B-4711-AD16-683D8782B044}.Release|iPhone.ActiveCfg = Release|Any CPU
		{E6B91186-198B-4711-AD16-683D8782B044}.Release|iPhone.Build.0 = Release|Any CPU
		{E6B91186-198B-4711-AD16-683D8782B044}.Release|iPhoneSimulator.ActiveCfg = Release|Any CPU
		{E6B91186-198B-4711-AD16-683D8782B044}.Release|iPhoneSimulator.Build.0 = Release|Any CPU
		{789CE0F7-1EAA-47EA-9071-740CE5D35336}.AppStore|Any CPU.ActiveCfg = Release|Any CPU
		{789CE0F7-1EAA-47EA-9071-740CE5D35336}.AppStore|Any CPU.Build.0 = Release|Any CPU
		{789CE0F7-1EAA-47EA-9071-740CE5D35336}.AppStore|iPhone.ActiveCfg = Release|Any CPU
		{789CE0F7-1EAA-47EA-9071-740CE5D35336}.AppStore|iPhone.Build.0 = Release|Any CPU
		{789CE0F7-1EAA-47EA-9071-740CE5D35336}.AppStore|iPhoneSimulator.ActiveCfg = Release|Any CPU
		{789CE0F7-1EAA-47EA-9071-740CE5D35336}.AppStore|iPhoneSimulator.Build.0 = Release|Any CPU
		{789CE0F7-1EAA-47EA-9071-740CE5D35336}.Debug|Any CPU.ActiveCfg = Debug|Any CPU
		{789CE0F7-1EAA-47EA-9071-740CE5D35336}.Debug|Any CPU.Build.0 = Debug|Any CPU
		{789CE0F7-1EAA-47EA-9071-740CE5D35336}.Debug|iPhone.ActiveCfg = Debug|Any CPU
		{789CE0F7-1EAA-47EA-9071-740CE5D35336}.Debug|iPhone.Build.0 = Debug|Any CPU
		{789CE0F7-1EAA-47EA-9071-740CE5D35336}.Debug|iPhoneSimulator.ActiveCfg = Debug|Any CPU
		{789CE0F7-1EAA-47EA-9071-740CE5D35336}.Debug|iPhoneSimulator.Build.0 = Debug|Any CPU
		{789CE0F7-1EAA-47EA-9071-740CE5D35336}.Release|Any CPU.ActiveCfg = Release|Any CPU
		{789CE0F7-1EAA-47EA-9071-740CE5D35336}.Release|Any CPU.Build.0 = Release|Any CPU
		{789CE0F7-1EAA-47EA-9071-740CE5D35336}.Release|iPhone.ActiveCfg = Release|Any CPU
		{789CE0F7-1EAA-47EA-9071-740CE5D35336}.Release|iPhone.Build.0 = Release|Any CPU
		{789CE0F7-1EAA-47EA-9071-740CE5D35336}.Release|iPhoneSimulator.ActiveCfg = Release|Any CPU
		{789CE0F7-1EAA-47EA-9071-740CE5D35336}.Release|iPhoneSimulator.Build.0 = Release|Any CPU
		{B010240E-A655-486C-A63B-A7180E810AE8}.AppStore|Any CPU.ActiveCfg = Release|Any CPU
		{B010240E-A655-486C-A63B-A7180E810AE8}.AppStore|Any CPU.Build.0 = Release|Any CPU
		{B010240E-A655-486C-A63B-A7180E810AE8}.AppStore|iPhone.ActiveCfg = Release|Any CPU
		{B010240E-A655-486C-A63B-A7180E810AE8}.AppStore|iPhone.Build.0 = Release|Any CPU
		{B010240E-A655-486C-A63B-A7180E810AE8}.AppStore|iPhoneSimulator.ActiveCfg = Release|Any CPU
		{B010240E-A655-486C-A63B-A7180E810AE8}.AppStore|iPhoneSimulator.Build.0 = Release|Any CPU
		{B010240E-A655-486C-A63B-A7180E810AE8}.Debug|Any CPU.ActiveCfg = Debug|Any CPU
		{B010240E-A655-486C-A63B-A7180E810AE8}.Debug|Any CPU.Build.0 = Debug|Any CPU
		{B010240E-A655-486C-A63B-A7180E810AE8}.Debug|iPhone.ActiveCfg = Debug|Any CPU
		{B010240E-A655-486C-A63B-A7180E810AE8}.Debug|iPhone.Build.0 = Debug|Any CPU
		{B010240E-A655-486C-A63B-A7180E810AE8}.Debug|iPhoneSimulator.ActiveCfg = Debug|Any CPU
		{B010240E-A655-486C-A63B-A7180E810AE8}.Debug|iPhoneSimulator.Build.0 = Debug|Any CPU
		{B010240E-A655-486C-A63B-A7180E810AE8}.Release|Any CPU.ActiveCfg = Release|Any CPU
		{B010240E-A655-486C-A63B-A7180E810AE8}.Release|Any CPU.Build.0 = Release|Any CPU
		{B010240E-A655-486C-A63B-A7180E810AE8}.Release|iPhone.ActiveCfg = Release|Any CPU
		{B010240E-A655-486C-A63B-A7180E810AE8}.Release|iPhone.Build.0 = Release|Any CPU
		{B010240E-A655-486C-A63B-A7180E810AE8}.Release|iPhoneSimulator.ActiveCfg = Release|Any CPU
		{B010240E-A655-486C-A63B-A7180E810AE8}.Release|iPhoneSimulator.Build.0 = Release|Any CPU
	EndGlobalSection
	GlobalSection(SolutionProperties) = preSolution
		HideSolutionNode = FALSE
	EndGlobalSection
	GlobalSection(NestedProjects) = preSolution
		{1AE1BE55-B3AC-4C6A-A457-61B72ABA5FE1} = {25DDF35F-20EC-467B-B649-881C87836246}
		{2E68DF5C-2130-488A-A998-573BEC7A39E2} = {25DDF35F-20EC-467B-B649-881C87836246}
		{5BE8A7E8-4190-4DCD-B995-6B3010D34BF6} = {25DDF35F-20EC-467B-B649-881C87836246}
		{00B80A8F-05B5-4CF7-9C9B-CE9FCA595AB6} = {25DDF35F-20EC-467B-B649-881C87836246}
		{3DFDA60C-FAB7-4A5D-A3F3-55AFD73875A8} = {458EC304-9EE4-4074-8307-A7ADA3A6D60C}
		{5466CF31-2C60-4ECD-81DE-F56975D7428D} = {458EC304-9EE4-4074-8307-A7ADA3A6D60C}
		{1B6842AC-FAE6-445F-9D46-23F28BBA576E} = {25DDF35F-20EC-467B-B649-881C87836246}
		{817B4026-9CEC-41C3-B700-A969F724864C} = {B520A76A-0AB5-4CEC-85B4-C586FAB0CB09}
		{8143FAD9-64B1-4AF3-85F7-EA04C1AA224B} = {B520A76A-0AB5-4CEC-85B4-C586FAB0CB09}
		{2D9D8A1A-A565-425C-9F49-3A622B3A7977} = {B520A76A-0AB5-4CEC-85B4-C586FAB0CB09}
		{154615C2-66F7-47BB-A304-F84F6D9A082A} = {2D9D8A1A-A565-425C-9F49-3A622B3A7977}
		{E6B91186-198B-4711-AD16-683D8782B044} = {B520A76A-0AB5-4CEC-85B4-C586FAB0CB09}
		{789CE0F7-1EAA-47EA-9071-740CE5D35336} = {2D9D8A1A-A565-425C-9F49-3A622B3A7977}
		{B010240E-A655-486C-A63B-A7180E810AE8} = {B520A76A-0AB5-4CEC-85B4-C586FAB0CB09}
	EndGlobalSection
EndGlobal
